// !$*UTF8*$!
{
	archiveVersion = 1;
	classes = {
	};
	objectVersion = 56;
	objects = {

/* Begin PBXBuildFile section */
		9EFF9F5E2AE192EE003B1932 /* AppDelegate.swift in Sources */ = {isa = PBXBuildFile; fileRef = 9EFF9F5D2AE192EE003B1932 /* AppDelegate.swift */; };
		9EFF9F602AE192EE003B1932 /* SceneDelegate.swift in Sources */ = {isa = PBXBuildFile; fileRef = 9EFF9F5F2AE192EE003B1932 /* SceneDelegate.swift */; };
		9EFF9F622AE192EE003B1932 /* ViewController.swift in Sources */ = {isa = PBXBuildFile; fileRef = 9EFF9F612AE192EE003B1932 /* ViewController.swift */; };
		9EFF9F652AE192EE003B1932 /* Main.storyboard in Resources */ = {isa = PBXBuildFile; fileRef = 9EFF9F632AE192EE003B1932 /* Main.storyboard */; };
		9EFF9F672AE192F1003B1932 /* Assets.xcassets in Resources */ = {isa = PBXBuildFile; fileRef = 9EFF9F662AE192F1003B1932 /* Assets.xcassets */; };
		9EFF9F6A2AE192F1003B1932 /* LaunchScreen.storyboard in Resources */ = {isa = PBXBuildFile; fileRef = 9EFF9F682AE192F1003B1932 /* LaunchScreen.storyboard */; };
		9EFF9F752AE192F1003B1932 /* MyFirstUIKitAppTests.swift in Sources */ = {isa = PBXBuildFile; fileRef = 9EFF9F742AE192F1003B1932 /* MyFirstUIKitAppTests.swift */; };
		9EFF9F7F2AE192F1003B1932 /* MyFirstUIKitAppUITests.swift in Sources */ = {isa = PBXBuildFile; fileRef = 9EFF9F7E2AE192F1003B1932 /* MyFirstUIKitAppUITests.swift */; };
		9EFF9F812AE192F1003B1932 /* MyFirstUIKitAppUITestsLaunchTests.swift in Sources */ = {isa = PBXBuildFile; fileRef = 9EFF9F802AE192F1003B1932 /* MyFirstUIKitAppUITestsLaunchTests.swift */; };
/* End PBXBuildFile section */

/* Begin PBXContainerItemProxy section */
		9EFF9F712AE192F1003B1932 /* PBXContainerItemProxy */ = {
			isa = PBXContainerItemProxy;
			containerPortal = 9EFF9F522AE192EE003B1932 /* Project object */;
			proxyType = 1;
			remoteGlobalIDString = 9EFF9F592AE192EE003B1932;
			remoteInfo = MyFirstUIKitApp;
		};
		9EFF9F7B2AE192F1003B1932 /* PBXContainerItemProxy */ = {
			isa = PBXContainerItemProxy;
			containerPortal = 9EFF9F522AE192EE003B1932 /* Project object */;
			proxyType = 1;
			remoteGlobalIDString = 9EFF9F592AE192EE003B1932;
			remoteInfo = MyFirstUIKitApp;
		};
/* End PBXContainerItemProxy section */

/* Begin PBXFileReference section */
		9EFF9F5A2AE192EE003B1932 /* MyFirstUIKitApp.app */ = {isa = PBXFileReference; explicitFileType = wrapper.application; includeInIndex = 0; path = MyFirstUIKitApp.app; sourceTree = BUILT_PRODUCTS_DIR; };
		9EFF9F5D2AE192EE003B1932 /* AppDelegate.swift */ = {isa = PBXFileReference; lastKnownFileType = sourcecode.swift; path = AppDelegate.swift; sourceTree = "<group>"; };
		9EFF9F5F2AE192EE003B1932 /* SceneDelegate.swift */ = {isa = PBXFileReference; lastKnownFileType = sourcecode.swift; path = SceneDelegate.swift; sourceTree = "<group>"; };
		9EFF9F612AE192EE003B1932 /* ViewController.swift */ = {isa = PBXFileReference; lastKnownFileType = sourcecode.swift; path = ViewController.swift; sourceTree = "<group>"; };
		9EFF9F642AE192EE003B1932 /* Base */ = {isa = PBXFileReference; lastKnownFileType = file.storyboard; name = Base; path = Base.lproj/Main.storyboard; sourceTree = "<group>"; };
		9EFF9F662AE192F1003B1932 /* Assets.xcassets */ = {isa = PBXFileReference; lastKnownFileType = folder.assetcatalog; path = Assets.xcassets; sourceTree = "<group>"; };
		9EFF9F692AE192F1003B1932 /* Base */ = {isa = PBXFileReference; lastKnownFileType = file.storyboard; name = Base; path = Base.lproj/LaunchScreen.storyboard; sourceTree = "<group>"; };
		9EFF9F6B2AE192F1003B1932 /* Info.plist */ = {isa = PBXFileReference; lastKnownFileType = text.plist.xml; path = Info.plist; sourceTree = "<group>"; };
		9EFF9F702AE192F1003B1932 /* MyFirstUIKitAppTests.xctest */ = {isa = PBXFileReference; explicitFileType = wrapper.cfbundle; includeInIndex = 0; path = MyFirstUIKitAppTests.xctest; sourceTree = BUILT_PRODUCTS_DIR; };
		9EFF9F742AE192F1003B1932 /* MyFirstUIKitAppTests.swift */ = {isa = PBXFileReference; lastKnownFileType = sourcecode.swift; path = MyFirstUIKitAppTests.swift; sourceTree = "<group>"; };
		9EFF9F7A2AE192F1003B1932 /* MyFirstUIKitAppUITests.xctest */ = {isa = PBXFileReference; explicitFileType = wrapper.cfbundle; includeInIndex = 0; path = MyFirstUIKitAppUITests.xctest; sourceTree = BUILT_PRODUCTS_DIR; };
		9EFF9F7E2AE192F1003B1932 /* MyFirstUIKitAppUITests.swift */ = {isa = PBXFileReference; lastKnownFileType = sourcecode.swift; path = MyFirstUIKitAppUITests.swift; sourceTree = "<group>"; };
		9EFF9F802AE192F1003B1932 /* MyFirstUIKitAppUITestsLaunchTests.swift */ = {isa = PBXFileReference; lastKnownFileType = sourcecode.swift; path = MyFirstUIKitAppUITestsLaunchTests.swift; sourceTree = "<group>"; };
/* End PBXFileReference section */

/* Begin PBXFrameworksBuildPhase section */
		9EFF9F572AE192EE003B1932 /* Frameworks */ = {
			isa = PBXFrameworksBuildPhase;
			buildActionMask = 2147483647;
			files = (
			);
			runOnlyForDeploymentPostprocessing = 0;
		};
		9EFF9F6D2AE192F1003B1932 /* Frameworks */ = {
			isa = PBXFrameworksBuildPhase;
			buildActionMask = 2147483647;
			files = (
			);
			runOnlyForDeploymentPostprocessing = 0;
		};
		9EFF9F772AE192F1003B1932 /* Frameworks */ = {
			isa = PBXFrameworksBuildPhase;
			buildActionMask = 2147483647;
			files = (
			);
			runOnlyForDeploymentPostprocessing = 0;
		};
/* End PBXFrameworksBuildPhase section */

/* Begin PBXGroup section */
		9EFF9F512AE192EE003B1932 = {
			isa = PBXGroup;
			children = (
				9EFF9F5C2AE192EE003B1932 /* MyFirstUIKitApp */,
				9EFF9F732AE192F1003B1932 /* MyFirstUIKitAppTests */,
				9EFF9F7D2AE192F1003B1932 /* MyFirstUIKitAppUITests */,
				9EFF9F5B2AE192EE003B1932 /* Products */,
			);
			sourceTree = "<group>";
		};
		9EFF9F5B2AE192EE003B1932 /* Products */ = {
			isa = PBXGroup;
			children = (
				9EFF9F5A2AE192EE003B1932 /* MyFirstUIKitApp.app */,
				9EFF9F702AE192F1003B1932 /* MyFirstUIKitAppTests.xctest */,
				9EFF9F7A2AE192F1003B1932 /* MyFirstUIKitAppUITests.xctest */,
			);
			name = Products;
			sourceTree = "<group>";
		};
		9EFF9F5C2AE192EE003B1932 /* MyFirstUIKitApp */ = {
			isa = PBXGroup;
			children = (
				9EFF9F5D2AE192EE003B1932 /* AppDelegate.swift */,
				9EFF9F5F2AE192EE003B1932 /* SceneDelegate.swift */,
				9EFF9F612AE192EE003B1932 /* ViewController.swift */,
				9EFF9F632AE192EE003B1932 /* Main.storyboard */,
				9EFF9F662AE192F1003B1932 /* Assets.xcassets */,
				9EFF9F682AE192F1003B1932 /* LaunchScreen.storyboard */,
				9EFF9F6B2AE192F1003B1932 /* Info.plist */,
			);
			path = MyFirstUIKitApp;
			sourceTree = "<group>";
		};
		9EFF9F732AE192F1003B1932 /* MyFirstUIKitAppTests */ = {
			isa = PBXGroup;
			children = (
				9EFF9F742AE192F1003B1932 /* MyFirstUIKitAppTests.swift */,
			);
			path = MyFirstUIKitAppTests;
			sourceTree = "<group>";
		};
		9EFF9F7D2AE192F1003B1932 /* MyFirstUIKitAppUITests */ = {
			isa = PBXGroup;
			children = (
				9EFF9F7E2AE192F1003B1932 /* MyFirstUIKitAppUITests.swift */,
				9EFF9F802AE192F1003B1932 /* MyFirstUIKitAppUITestsLaunchTests.swift */,
			);
			path = MyFirstUIKitAppUITests;
			sourceTree = "<group>";
		};
/* End PBXGroup section */

/* Begin PBXNativeTarget section */
		9EFF9F592AE192EE003B1932 /* MyFirstUIKitApp */ = {
			isa = PBXNativeTarget;
			buildConfigurationList = 9EFF9F842AE192F1003B1932 /* Build configuration list for PBXNativeTarget "MyFirstUIKitApp" */;
			buildPhases = (
				9EFF9F562AE192EE003B1932 /* Sources */,
				9EFF9F572AE192EE003B1932 /* Frameworks */,
				9EFF9F582AE192EE003B1932 /* Resources */,
			);
			buildRules = (
			);
			dependencies = (
			);
			name = MyFirstUIKitApp;
			productName = MyFirstUIKitApp;
			productReference = 9EFF9F5A2AE192EE003B1932 /* MyFirstUIKitApp.app */;
			productType = "com.apple.product-type.application";
		};
		9EFF9F6F2AE192F1003B1932 /* MyFirstUIKitAppTests */ = {
			isa = PBXNativeTarget;
			buildConfigurationList = 9EFF9F872AE192F1003B1932 /* Build configuration list for PBXNativeTarget "MyFirstUIKitAppTests" */;
			buildPhases = (
				9EFF9F6C2AE192F1003B1932 /* Sources */,
				9EFF9F6D2AE192F1003B1932 /* Frameworks */,
				9EFF9F6E2AE192F1003B1932 /* Resources */,
			);
			buildRules = (
			);
			dependencies = (
				9EFF9F722AE192F1003B1932 /* PBXTargetDependency */,
			);
			name = MyFirstUIKitAppTests;
			productName = MyFirstUIKitAppTests;
			productReference = 9EFF9F702AE192F1003B1932 /* MyFirstUIKitAppTests.xctest */;
			productType = "com.apple.product-type.bundle.unit-test";
		};
		9EFF9F792AE192F1003B1932 /* MyFirstUIKitAppUITests */ = {
			isa = PBXNativeTarget;
			buildConfigurationList = 9EFF9F8A2AE192F1003B1932 /* Build configuration list for PBXNativeTarget "MyFirstUIKitAppUITests" */;
			buildPhases = (
				9EFF9F762AE192F1003B1932 /* Sources */,
				9EFF9F772AE192F1003B1932 /* Frameworks */,
				9EFF9F782AE192F1003B1932 /* Resources */,
			);
			buildRules = (
			);
			dependencies = (
				9EFF9F7C2AE192F1003B1932 /* PBXTargetDependency */,
			);
			name = MyFirstUIKitAppUITests;
			productName = MyFirstUIKitAppUITests;
			productReference = 9EFF9F7A2AE192F1003B1932 /* MyFirstUIKitAppUITests.xctest */;
			productType = "com.apple.product-type.bundle.ui-testing";
		};
/* End PBXNativeTarget section */

/* Begin PBXProject section */
		9EFF9F522AE192EE003B1932 /* Project object */ = {
			isa = PBXProject;
			attributes = {
				BuildIndependentTargetsInParallel = 1;
				LastSwiftUpdateCheck = 1500;
				LastUpgradeCheck = 1500;
				TargetAttributes = {
					9EFF9F592AE192EE003B1932 = {
						CreatedOnToolsVersion = 15.0;
					};
					9EFF9F6F2AE192F1003B1932 = {
						CreatedOnToolsVersion = 15.0;
						TestTargetID = 9EFF9F592AE192EE003B1932;
					};
					9EFF9F792AE192F1003B1932 = {
						CreatedOnToolsVersion = 15.0;
						TestTargetID = 9EFF9F592AE192EE003B1932;
					};
				};
			};
			buildConfigurationList = 9EFF9F552AE192EE003B1932 /* Build configuration list for PBXProject "MyFirstUIKitApp" */;
			compatibilityVersion = "Xcode 14.0";
			developmentRegion = en;
			hasScannedForEncodings = 0;
			knownRegions = (
				en,
				Base,
			);
			mainGroup = 9EFF9F512AE192EE003B1932;
			productRefGroup = 9EFF9F5B2AE192EE003B1932 /* Products */;
			projectDirPath = "";
			projectRoot = "";
			targets = (
				9EFF9F592AE192EE003B1932 /* MyFirstUIKitApp */,
				9EFF9F6F2AE192F1003B1932 /* MyFirstUIKitAppTests */,
				9EFF9F792AE192F1003B1932 /* MyFirstUIKitAppUITests */,
			);
		};
/* End PBXProject section */

/* Begin PBXResourcesBuildPhase section */
		9EFF9F582AE192EE003B1932 /* Resources */ = {
			isa = PBXResourcesBuildPhase;
			buildActionMask = 2147483647;
			files = (
				9EFF9F6A2AE192F1003B1932 /* LaunchScreen.storyboard in Resources */,
				9EFF9F672AE192F1003B1932 /* Assets.xcassets in Resources */,
				9EFF9F652AE192EE003B1932 /* Main.storyboard in Resources */,
			);
			runOnlyForDeploymentPostprocessing = 0;
		};
		9EFF9F6E2AE192F1003B1932 /* Resources */ = {
			isa = PBXResourcesBuildPhase;
			buildActionMask = 2147483647;
			files = (
			);
			runOnlyForDeploymentPostprocessing = 0;
		};
		9EFF9F782AE192F1003B1932 /* Resources */ = {
			isa = PBXResourcesBuildPhase;
			buildActionMask = 2147483647;
			files = (
			);
			runOnlyForDeploymentPostprocessing = 0;
		};
/* End PBXResourcesBuildPhase section */

/* Begin PBXSourcesBuildPhase section */
		9EFF9F562AE192EE003B1932 /* Sources */ = {
			isa = PBXSourcesBuildPhase;
			buildActionMask = 2147483647;
			files = (
				9EFF9F622AE192EE003B1932 /* ViewController.swift in Sources */,
				9EFF9F5E2AE192EE003B1932 /* AppDelegate.swift in Sources */,
				9EFF9F602AE192EE003B1932 /* SceneDelegate.swift in Sources */,
			);
			runOnlyForDeploymentPostprocessing = 0;
		};
		9EFF9F6C2AE192F1003B1932 /* Sources */ = {
			isa = PBXSourcesBuildPhase;
			buildActionMask = 2147483647;
			files = (
				9EFF9F752AE192F1003B1932 /* MyFirstUIKitAppTests.swift in Sources */,
			);
			runOnlyForDeploymentPostprocessing = 0;
		};
		9EFF9F762AE192F1003B1932 /* Sources */ = {
			isa = PBXSourcesBuildPhase;
			buildActionMask = 2147483647;
			files = (
				9EFF9F812AE192F1003B1932 /* MyFirstUIKitAppUITestsLaunchTests.swift in Sources */,
				9EFF9F7F2AE192F1003B1932 /* MyFirstUIKitAppUITests.swift in Sources */,
			);
			runOnlyForDeploymentPostprocessing = 0;
		};
/* End PBXSourcesBuildPhase section */

/* Begin PBXTargetDependency section */
		9EFF9F722AE192F1003B1932 /* PBXTargetDependency */ = {
			isa = PBXTargetDependency;
			target = 9EFF9F592AE192EE003B1932 /* MyFirstUIKitApp */;
			targetProxy = 9EFF9F712AE192F1003B1932 /* PBXContainerItemProxy */;
		};
		9EFF9F7C2AE192F1003B1932 /* PBXTargetDependency */ = {
			isa = PBXTargetDependency;
			target = 9EFF9F592AE192EE003B1932 /* MyFirstUIKitApp */;
			targetProxy = 9EFF9F7B2AE192F1003B1932 /* PBXContainerItemProxy */;
		};
/* End PBXTargetDependency section */

/* Begin PBXVariantGroup section */
		9EFF9F632AE192EE003B1932 /* Main.storyboard */ = {
			isa = PBXVariantGroup;
			children = (
				9EFF9F642AE192EE003B1932 /* Base */,
			);
			name = Main.storyboard;
			sourceTree = "<group>";
		};
		9EFF9F682AE192F1003B1932 /* LaunchScreen.storyboard */ = {
			isa = PBXVariantGroup;
			children = (
				9EFF9F692AE192F1003B1932 /* Base */,
			);
			name = LaunchScreen.storyboard;
			sourceTree = "<group>";
		};
/* End PBXVariantGroup section */

/* Begin XCBuildConfiguration section */
		9EFF9F822AE192F1003B1932 /* Debug */ = {
			isa = XCBuildConfiguration;
			buildSettings = {
				ALWAYS_SEARCH_USER_PATHS = NO;
				ASSETCATALOG_COMPILER_GENERATE_SWIFT_ASSET_SYMBOL_EXTENSIONS = YES;
				CLANG_ANALYZER_NONNULL = YES;
				CLANG_ANALYZER_NUMBER_OBJECT_CONVERSION = YES_AGGRESSIVE;
				CLANG_CXX_LANGUAGE_STANDARD = "gnu++20";
				CLANG_ENABLE_MODULES = YES;
				CLANG_ENABLE_OBJC_ARC = YES;
				CLANG_ENABLE_OBJC_WEAK = YES;
				CLANG_WARN_BLOCK_CAPTURE_AUTORELEASING = YES;
				CLANG_WARN_BOOL_CONVERSION = YES;
				CLANG_WARN_COMMA = YES;
				CLANG_WARN_CONSTANT_CONVERSION = YES;
				CLANG_WARN_DEPRECATED_OBJC_IMPLEMENTATIONS = YES;
				CLANG_WARN_DIRECT_OBJC_ISA_USAGE = YES_ERROR;
				CLANG_WARN_DOCUMENTATION_COMMENTS = YES;
				CLANG_WARN_EMPTY_BODY = YES;
				CLANG_WARN_ENUM_CONVERSION = YES;
				CLANG_WARN_INFINITE_RECURSION = YES;
				CLANG_WARN_INT_CONVERSION = YES;
				CLANG_WARN_NON_LITERAL_NULL_CONVERSION = YES;
				CLANG_WARN_OBJC_IMPLICIT_RETAIN_SELF = YES;
				CLANG_WARN_OBJC_LITERAL_CONVERSION = YES;
				CLANG_WARN_OBJC_ROOT_CLASS = YES_ERROR;
				CLANG_WARN_QUOTED_INCLUDE_IN_FRAMEWORK_HEADER = YES;
				CLANG_WARN_RANGE_LOOP_ANALYSIS = YES;
				CLANG_WARN_STRICT_PROTOTYPES = YES;
				CLANG_WARN_SUSPICIOUS_MOVE = YES;
				CLANG_WARN_UNGUARDED_AVAILABILITY = YES_AGGRESSIVE;
				CLANG_WARN_UNREACHABLE_CODE = YES;
				CLANG_WARN__DUPLICATE_METHOD_MATCH = YES;
				COPY_PHASE_STRIP = NO;
				DEBUG_INFORMATION_FORMAT = dwarf;
				ENABLE_STRICT_OBJC_MSGSEND = YES;
				ENABLE_TESTABILITY = YES;
				ENABLE_USER_SCRIPT_SANDBOXING = YES;
				GCC_C_LANGUAGE_STANDARD = gnu17;
				GCC_DYNAMIC_NO_PIC = NO;
				GCC_NO_COMMON_BLOCKS = YES;
				GCC_OPTIMIZATION_LEVEL = 0;
				GCC_PREPROCESSOR_DEFINITIONS = (
					"DEBUG=1",
					"$(inherited)",
				);
				GCC_WARN_64_TO_32_BIT_CONVERSION = YES;
				GCC_WARN_ABOUT_RETURN_TYPE = YES_ERROR;
				GCC_WARN_UNDECLARED_SELECTOR = YES;
				GCC_WARN_UNINITIALIZED_AUTOS = YES_AGGRESSIVE;
				GCC_WARN_UNUSED_FUNCTION = YES;
				GCC_WARN_UNUSED_VARIABLE = YES;
				IPHONEOS_DEPLOYMENT_TARGET = 17.0;
				LOCALIZATION_PREFERS_STRING_CATALOGS = YES;
				MTL_ENABLE_DEBUG_INFO = INCLUDE_SOURCE;
				MTL_FAST_MATH = YES;
				ONLY_ACTIVE_ARCH = YES;
				SDKROOT = iphoneos;
				SWIFT_ACTIVE_COMPILATION_CONDITIONS = "DEBUG $(inherited)";
				SWIFT_OPTIMIZATION_LEVEL = "-Onone";
			};
			name = Debug;
		};
		9EFF9F832AE192F1003B1932 /* Release */ = {
			isa = XCBuildConfiguration;
			buildSettings = {
				ALWAYS_SEARCH_USER_PATHS = NO;
				ASSETCATALOG_COMPILER_GENERATE_SWIFT_ASSET_SYMBOL_EXTENSIONS = YES;
				CLANG_ANALYZER_NONNULL = YES;
				CLANG_ANALYZER_NUMBER_OBJECT_CONVERSION = YES_AGGRESSIVE;
				CLANG_CXX_LANGUAGE_STANDARD = "gnu++20";
				CLANG_ENABLE_MODULES = YES;
				CLANG_ENABLE_OBJC_ARC = YES;
				CLANG_ENABLE_OBJC_WEAK = YES;
				CLANG_WARN_BLOCK_CAPTURE_AUTORELEASING = YES;
				CLANG_WARN_BOOL_CONVERSION = YES;
				CLANG_WARN_COMMA = YES;
				CLANG_WARN_CONSTANT_CONVERSION = YES;
				CLANG_WARN_DEPRECATED_OBJC_IMPLEMENTATIONS = YES;
				CLANG_WARN_DIRECT_OBJC_ISA_USAGE = YES_ERROR;
				CLANG_WARN_DOCUMENTATION_COMMENTS = YES;
				CLANG_WARN_EMPTY_BODY = YES;
				CLANG_WARN_ENUM_CONVERSION = YES;
				CLANG_WARN_INFINITE_RECURSION = YES;
				CLANG_WARN_INT_CONVERSION = YES;
				CLANG_WARN_NON_LITERAL_NULL_CONVERSION = YES;
				CLANG_WARN_OBJC_IMPLICIT_RETAIN_SELF = YES;
				CLANG_WARN_OBJC_LITERAL_CONVERSION = YES;
				CLANG_WARN_OBJC_ROOT_CLASS = YES_ERROR;
				CLANG_WARN_QUOTED_INCLUDE_IN_FRAMEWORK_HEADER = YES;
				CLANG_WARN_RANGE_LOOP_ANALYSIS = YES;
				CLANG_WARN_STRICT_PROTOTYPES = YES;
				CLANG_WARN_SUSPICIOUS_MOVE = YES;
				CLANG_WARN_UNGUARDED_AVAILABILITY = YES_AGGRESSIVE;
				CLANG_WARN_UNREACHABLE_CODE = YES;
				CLANG_WARN__DUPLICATE_METHOD_MATCH = YES;
				COPY_PHASE_STRIP = NO;
				DEBUG_INFORMATION_FORMAT = "dwarf-with-dsym";
				ENABLE_NS_ASSERTIONS = NO;
				ENABLE_STRICT_OBJC_MSGSEND = YES;
				ENABLE_USER_SCRIPT_SANDBOXING = YES;
				GCC_C_LANGUAGE_STANDARD = gnu17;
				GCC_NO_COMMON_BLOCKS = YES;
				GCC_WARN_64_TO_32_BIT_CONVERSION = YES;
				GCC_WARN_ABOUT_RETURN_TYPE = YES_ERROR;
				GCC_WARN_UNDECLARED_SELECTOR = YES;
				GCC_WARN_UNINITIALIZED_AUTOS = YES_AGGRESSIVE;
				GCC_WARN_UNUSED_FUNCTION = YES;
				GCC_WARN_UNUSED_VARIABLE = YES;
				IPHONEOS_DEPLOYMENT_TARGET = 17.0;
				LOCALIZATION_PREFERS_STRING_CATALOGS = YES;
				MTL_ENABLE_DEBUG_INFO = NO;
				MTL_FAST_MATH = YES;
				SDKROOT = iphoneos;
				SWIFT_COMPILATION_MODE = wholemodule;
				VALIDATE_PRODUCT = YES;
			};
			name = Release;
		};
		9EFF9F852AE192F1003B1932 /* Debug */ = {
			isa = XCBuildConfiguration;
			buildSettings = {
				ASSETCATALOG_COMPILER_APPICON_NAME = AppIcon;
				ASSETCATALOG_COMPILER_GLOBAL_ACCENT_COLOR_NAME = AccentColor;
				CODE_SIGN_STYLE = Automatic;
				CURRENT_PROJECT_VERSION = 1;
				DEVELOPMENT_TEAM = 2L24TQ8W95;
				GENERATE_INFOPLIST_FILE = YES;
				INFOPLIST_FILE = MyFirstUIKitApp/Info.plist;
				INFOPLIST_KEY_NSCameraUsageDescription = "Hello  swift";
				INFOPLIST_KEY_UIApplicationSupportsIndirectInputEvents = YES;
				INFOPLIST_KEY_UILaunchStoryboardName = LaunchScreen;
				INFOPLIST_KEY_UIMainStoryboardFile = Main;
				INFOPLIST_KEY_UISupportedInterfaceOrientations_iPad = "UIInterfaceOrientationPortrait UIInterfaceOrientationPortraitUpsideDown UIInterfaceOrientationLandscapeLeft UIInterfaceOrientationLandscapeRight";
				INFOPLIST_KEY_UISupportedInterfaceOrientations_iPhone = "UIInterfaceOrientationPortrait UIInterfaceOrientationLandscapeLeft UIInterfaceOrientationLandscapeRight";
				LD_RUNPATH_SEARCH_PATHS = (
					"$(inherited)",
					"@executable_path/Frameworks",
				);
				MARKETING_VERSION = 1.0;
				PRODUCT_BUNDLE_IDENTIFIER = "bg.uni-sofia.fmi.myfirstuikitapp.MyFirstUIKitApp";
				PRODUCT_NAME = "$(TARGET_NAME)";
				SWIFT_EMIT_LOC_STRINGS = YES;
				SWIFT_VERSION = 5.0;
				TARGETED_DEVICE_FAMILY = "1,2";
			};
			name = Debug;
		};
		9EFF9F862AE192F1003B1932 /* Release */ = {
			isa = XCBuildConfiguration;
			buildSettings = {
				ASSETCATALOG_COMPILER_APPICON_NAME = AppIcon;
				ASSETCATALOG_COMPILER_GLOBAL_ACCENT_COLOR_NAME = AccentColor;
				CODE_SIGN_STYLE = Automatic;
				CURRENT_PROJECT_VERSION = 1;
				DEVELOPMENT_TEAM = 2L24TQ8W95;
				GENERATE_INFOPLIST_FILE = YES;
				INFOPLIST_FILE = MyFirstUIKitApp/Info.plist;
				INFOPLIST_KEY_NSCameraUsageDescription = "Hello  swift";
				INFOPLIST_KEY_UIApplicationSupportsIndirectInputEvents = YES;
				INFOPLIST_KEY_UILaunchStoryboardName = LaunchScreen;
				INFOPLIST_KEY_UIMainStoryboardFile = Main;
				INFOPLIST_KEY_UISupportedInterfaceOrientations_iPad = "UIInterfaceOrientationPortrait UIInterfaceOrientationPortraitUpsideDown UIInterfaceOrientationLandscapeLeft UIInterfaceOrientationLandscapeRight";
				INFOPLIST_KEY_UISupportedInterfaceOrientations_iPhone = "UIInterfaceOrientationPortrait UIInterfaceOrientationLandscapeLeft UIInterfaceOrientationLandscapeRight";
				LD_RUNPATH_SEARCH_PATHS = (
					"$(inherited)",
					"@executable_path/Frameworks",
				);
				MARKETING_VERSION = 1.0;
				PRODUCT_BUNDLE_IDENTIFIER = "bg.uni-sofia.fmi.myfirstuikitapp.MyFirstUIKitApp";
				PRODUCT_NAME = "$(TARGET_NAME)";
				SWIFT_EMIT_LOC_STRINGS = YES;
				SWIFT_VERSION = 5.0;
				TARGETED_DEVICE_FAMILY = "1,2";
			};
			name = Release;
		};
		9EFF9F882AE192F1003B1932 /* Debug */ = {
			isa = XCBuildConfiguration;
			buildSettings = {
				ALWAYS_EMBED_SWIFT_STANDARD_LIBRARIES = YES;
				BUNDLE_LOADER = "$(TEST_HOST)";
				CODE_SIGN_STYLE = Automatic;
				CURRENT_PROJECT_VERSION = 1;
				DEVELOPMENT_TEAM = 2L24TQ8W95;
				GENERATE_INFOPLIST_FILE = YES;
				IPHONEOS_DEPLOYMENT_TARGET = 17.0;
				MARKETING_VERSION = 1.0;
				PRODUCT_BUNDLE_IDENTIFIER = "bg.uni-sofia.fmi.myfirstuikitapp.MyFirstUIKitAppTests";
				PRODUCT_NAME = "$(TARGET_NAME)";
				SWIFT_EMIT_LOC_STRINGS = NO;
				SWIFT_VERSION = 5.0;
				TARGETED_DEVICE_FAMILY = "1,2";
				TEST_HOST = "$(BUILT_PRODUCTS_DIR)/MyFirstUIKitApp.app/$(BUNDLE_EXECUTABLE_FOLDER_PATH)/MyFirstUIKitApp";
			};
			name = Debug;
		};
		9EFF9F892AE192F1003B1932 /* Release */ = {
			isa = XCBuildConfiguration;
			buildSettings = {
				ALWAYS_EMBED_SWIFT_STANDARD_LIBRARIES = YES;
				BUNDLE_LOADER = "$(TEST_HOST)";
				CODE_SIGN_STYLE = Automatic;
				CURRENT_PROJECT_VERSION = 1;
				DEVELOPMENT_TEAM = 2L24TQ8W95;
				GENERATE_INFOPLIST_FILE = YES;
				IPHONEOS_DEPLOYMENT_TARGET = 17.0;
				MARKETING_VERSION = 1.0;
				PRODUCT_BUNDLE_IDENTIFIER = "bg.uni-sofia.fmi.myfirstuikitapp.MyFirstUIKitAppTests";
				PRODUCT_NAME = "$(TARGET_NAME)";
				SWIFT_EMIT_LOC_STRINGS = NO;
				SWIFT_VERSION = 5.0;
				TARGETED_DEVICE_FAMILY = "1,2";
				TEST_HOST = "$(BUILT_PRODUCTS_DIR)/MyFirstUIKitApp.app/$(BUNDLE_EXECUTABLE_FOLDER_PATH)/MyFirstUIKitApp";
			};
			name = Release;
		};
		9EFF9F8B2AE192F1003B1932 /* Debug */ = {
			isa = XCBuildConfiguration;
			buildSettings = {
				ALWAYS_EMBED_SWIFT_STANDARD_LIBRARIES = YES;
				CODE_SIGN_STYLE = Automatic;
				CURRENT_PROJECT_VERSION = 1;
				DEVELOPMENT_TEAM = 2L24TQ8W95;
				GENERATE_INFOPLIST_FILE = YES;
				MARKETING_VERSION = 1.0;
				PRODUCT_BUNDLE_IDENTIFIER = "bg.uni-sofia.fmi.myfirstuikitapp.MyFirstUIKitAppUITests";
				PRODUCT_NAME = "$(TARGET_NAME)";
				SWIFT_EMIT_LOC_STRINGS = NO;
				SWIFT_VERSION = 5.0;
				TARGETED_DEVICE_FAMILY = "1,2";
				TEST_TARGET_NAME = MyFirstUIKitApp;
			};
			name = Debug;
		};
		9EFF9F8C2AE192F1003B1932 /* Release */ = {
			isa = XCBuildConfiguration;
			buildSettings = {
				ALWAYS_EMBED_SWIFT_STANDARD_LIBRARIES = YES;
				CODE_SIGN_STYLE = Automatic;
				CURRENT_PROJECT_VERSION = 1;
				DEVELOPMENT_TEAM = 2L24TQ8W95;
				GENERATE_INFOPLIST_FILE = YES;
				MARKETING_VERSION = 1.0;
				PRODUCT_BUNDLE_IDENTIFIER = "bg.uni-sofia.fmi.myfirstuikitapp.MyFirstUIKitAppUITests";
				PRODUCT_NAME = "$(TARGET_NAME)";
				SWIFT_EMIT_LOC_STRINGS = NO;
				SWIFT_VERSION = 5.0;
				TARGETED_DEVICE_FAMILY = "1,2";
				TEST_TARGET_NAME = MyFirstUIKitApp;
			};
			name = Release;
		};
/* End XCBuildConfiguration section */

/* Begin XCConfigurationList section */
		9EFF9F552AE192EE003B1932 /* Build configuration list for PBXProject "MyFirstUIKitApp" */ = {
			isa = XCConfigurationList;
			buildConfigurations = (
				9EFF9F822AE192F1003B1932 /* Debug */,
				9EFF9F832AE192F1003B1932 /* Release */,
			);
			defaultConfigurationIsVisible = 0;
			defaultConfigurationName = Release;
		};
		9EFF9F842AE192F1003B1932 /* Build configuration list for PBXNativeTarget "MyFirstUIKitApp" */ = {
			isa = XCConfigurationList;
			buildConfigurations = (
				9EFF9F852AE192F1003B1932 /* Debug */,
				9EFF9F862AE192F1003B1932 /* Release */,
			);
			defaultConfigurationIsVisible = 0;
			defaultConfigurationName = Release;
		};
		9EFF9F872AE192F1003B1932 /* Build configuration list for PBXNativeTarget "MyFirstUIKitAppTests" */ = {
			isa = XCConfigurationList;
			buildConfigurations = (
				9EFF9F882AE192F1003B1932 /* Debug */,
				9EFF9F892AE192F1003B1932 /* Release */,
			);
			defaultConfigurationIsVisible = 0;
			defaultConfigurationName = Release;
		};
		9EFF9F8A2AE192F1003B1932 /* Build configuration list for PBXNativeTarget "MyFirstUIKitAppUITests" */ = {
			isa = XCConfigurationList;
			buildConfigurations = (
				9EFF9F8B2AE192F1003B1932 /* Debug */,
				9EFF9F8C2AE192F1003B1932 /* Release */,
			);
			defaultConfigurationIsVisible = 0;
			defaultConfigurationName = Release;
		};
/* End XCConfigurationList section */
	};
	rootObject = 9EFF9F522AE192EE003B1932 /* Project object */;
}
