// !$*UTF8*$!
{
	archiveVersion = 1;
	classes = {
	};
	objectVersion = 56;
	objects = {

/* Begin PBXBuildFile section */
		9E1DAD2E2B31FE45005F3E63 /* PersistanceApp.swift in Sources */ = {isa = PBXBuildFile; fileRef = 9E1DAD2D2B31FE45005F3E63 /* PersistanceApp.swift */; };
		9E1DAD302B31FE45005F3E63 /* ContentView.swift in Sources */ = {isa = PBXBuildFile; fileRef = 9E1DAD2F2B31FE45005F3E63 /* ContentView.swift */; };
		9E1DAD322B31FE47005F3E63 /* Assets.xcassets in Resources */ = {isa = PBXBuildFile; fileRef = 9E1DAD312B31FE47005F3E63 /* Assets.xcassets */; };
		9E1DAD352B31FE47005F3E63 /* Preview Assets.xcassets in Resources */ = {isa = PBXBuildFile; fileRef = 9E1DAD342B31FE47005F3E63 /* Preview Assets.xcassets */; };
		9E1DAD3F2B31FE48005F3E63 /* PersistanceTests.swift in Sources */ = {isa = PBXBuildFile; fileRef = 9E1DAD3E2B31FE48005F3E63 /* PersistanceTests.swift */; };
		9E1DAD492B31FE48005F3E63 /* PersistanceUITests.swift in Sources */ = {isa = PBXBuildFile; fileRef = 9E1DAD482B31FE48005F3E63 /* PersistanceUITests.swift */; };
		9E1DAD4B2B31FE48005F3E63 /* PersistanceUITestsLaunchTests.swift in Sources */ = {isa = PBXBuildFile; fileRef = 9E1DAD4A2B31FE48005F3E63 /* PersistanceUITestsLaunchTests.swift */; };
		9E1DAD582B31FED2005F3E63 /* ContentViewModel.swift in Sources */ = {isa = PBXBuildFile; fileRef = 9E1DAD572B31FED2005F3E63 /* ContentViewModel.swift */; };
		9E1DAD5B2B3204F0005F3E63 /* KeychainStored in Frameworks */ = {isa = PBXBuildFile; productRef = 9E1DAD5A2B3204F0005F3E63 /* KeychainStored */; };
/* End PBXBuildFile section */

/* Begin PBXContainerItemProxy section */
		9E1DAD3B2B31FE48005F3E63 /* PBXContainerItemProxy */ = {
			isa = PBXContainerItemProxy;
			containerPortal = 9E1DAD222B31FE45005F3E63 /* Project object */;
			proxyType = 1;
			remoteGlobalIDString = 9E1DAD292B31FE45005F3E63;
			remoteInfo = Persistance;
		};
		9E1DAD452B31FE48005F3E63 /* PBXContainerItemProxy */ = {
			isa = PBXContainerItemProxy;
			containerPortal = 9E1DAD222B31FE45005F3E63 /* Project object */;
			proxyType = 1;
			remoteGlobalIDString = 9E1DAD292B31FE45005F3E63;
			remoteInfo = Persistance;
		};
/* End PBXContainerItemProxy section */

/* Begin PBXFileReference section */
		9E1DAD2A2B31FE45005F3E63 /* Persistance.app */ = {isa = PBXFileReference; explicitFileType = wrapper.application; includeInIndex = 0; path = Persistance.app; sourceTree = BUILT_PRODUCTS_DIR; };
		9E1DAD2D2B31FE45005F3E63 /* PersistanceApp.swift */ = {isa = PBXFileReference; lastKnownFileType = sourcecode.swift; path = PersistanceApp.swift; sourceTree = "<group>"; };
		9E1DAD2F2B31FE45005F3E63 /* ContentView.swift */ = {isa = PBXFileReference; lastKnownFileType = sourcecode.swift; path = ContentView.swift; sourceTree = "<group>"; };
		9E1DAD312B31FE47005F3E63 /* Assets.xcassets */ = {isa = PBXFileReference; lastKnownFileType = folder.assetcatalog; path = Assets.xcassets; sourceTree = "<group>"; };
		9E1DAD342B31FE47005F3E63 /* Preview Assets.xcassets */ = {isa = PBXFileReference; lastKnownFileType = folder.assetcatalog; path = "Preview Assets.xcassets"; sourceTree = "<group>"; };
		9E1DAD3A2B31FE48005F3E63 /* PersistanceTests.xctest */ = {isa = PBXFileReference; explicitFileType = wrapper.cfbundle; includeInIndex = 0; path = PersistanceTests.xctest; sourceTree = BUILT_PRODUCTS_DIR; };
		9E1DAD3E2B31FE48005F3E63 /* PersistanceTests.swift */ = {isa = PBXFileReference; lastKnownFileType = sourcecode.swift; path = PersistanceTests.swift; sourceTree = "<group>"; };
		9E1DAD442B31FE48005F3E63 /* PersistanceUITests.xctest */ = {isa = PBXFileReference; explicitFileType = wrapper.cfbundle; includeInIndex = 0; path = PersistanceUITests.xctest; sourceTree = BUILT_PRODUCTS_DIR; };
		9E1DAD482B31FE48005F3E63 /* PersistanceUITests.swift */ = {isa = PBXFileReference; lastKnownFileType = sourcecode.swift; path = PersistanceUITests.swift; sourceTree = "<group>"; };
		9E1DAD4A2B31FE48005F3E63 /* PersistanceUITestsLaunchTests.swift */ = {isa = PBXFileReference; lastKnownFileType = sourcecode.swift; path = PersistanceUITestsLaunchTests.swift; sourceTree = "<group>"; };
		9E1DAD572B31FED2005F3E63 /* ContentViewModel.swift */ = {isa = PBXFileReference; lastKnownFileType = sourcecode.swift; path = ContentViewModel.swift; sourceTree = "<group>"; };
/* End PBXFileReference section */

/* Begin PBXFrameworksBuildPhase section */
		9E1DAD272B31FE45005F3E63 /* Frameworks */ = {
			isa = PBXFrameworksBuildPhase;
			buildActionMask = 2147483647;
			files = (
				9E1DAD5B2B3204F0005F3E63 /* KeychainStored in Frameworks */,
			);
			runOnlyForDeploymentPostprocessing = 0;
		};
		9E1DAD372B31FE48005F3E63 /* Frameworks */ = {
			isa = PBXFrameworksBuildPhase;
			buildActionMask = 2147483647;
			files = (
			);
			runOnlyForDeploymentPostprocessing = 0;
		};
		9E1DAD412B31FE48005F3E63 /* Frameworks */ = {
			isa = PBXFrameworksBuildPhase;
			buildActionMask = 2147483647;
			files = (
			);
			runOnlyForDeploymentPostprocessing = 0;
		};
/* End PBXFrameworksBuildPhase section */

/* Begin PBXGroup section */
		9E1DAD212B31FE45005F3E63 = {
			isa = PBXGroup;
			children = (
				9E1DAD2C2B31FE45005F3E63 /* Persistance */,
				9E1DAD3D2B31FE48005F3E63 /* PersistanceTests */,
				9E1DAD472B31FE48005F3E63 /* PersistanceUITests */,
				9E1DAD2B2B31FE45005F3E63 /* Products */,
			);
			sourceTree = "<group>";
		};
		9E1DAD2B2B31FE45005F3E63 /* Products */ = {
			isa = PBXGroup;
			children = (
				9E1DAD2A2B31FE45005F3E63 /* Persistance.app */,
				9E1DAD3A2B31FE48005F3E63 /* PersistanceTests.xctest */,
				9E1DAD442B31FE48005F3E63 /* PersistanceUITests.xctest */,
			);
			name = Products;
			sourceTree = "<group>";
		};
		9E1DAD2C2B31FE45005F3E63 /* Persistance */ = {
			isa = PBXGroup;
			children = (
				9E1DAD2D2B31FE45005F3E63 /* PersistanceApp.swift */,
				9E1DAD2F2B31FE45005F3E63 /* ContentView.swift */,
				9E1DAD572B31FED2005F3E63 /* ContentViewModel.swift */,
				9E1DAD312B31FE47005F3E63 /* Assets.xcassets */,
				9E1DAD332B31FE47005F3E63 /* Preview Content */,
			);
			path = Persistance;
			sourceTree = "<group>";
		};
		9E1DAD332B31FE47005F3E63 /* Preview Content */ = {
			isa = PBXGroup;
			children = (
				9E1DAD342B31FE47005F3E63 /* Preview Assets.xcassets */,
			);
			path = "Preview Content";
			sourceTree = "<group>";
		};
		9E1DAD3D2B31FE48005F3E63 /* PersistanceTests */ = {
			isa = PBXGroup;
			children = (
				9E1DAD3E2B31FE48005F3E63 /* PersistanceTests.swift */,
			);
			path = PersistanceTests;
			sourceTree = "<group>";
		};
		9E1DAD472B31FE48005F3E63 /* PersistanceUITests */ = {
			isa = PBXGroup;
			children = (
				9E1DAD482B31FE48005F3E63 /* PersistanceUITests.swift */,
				9E1DAD4A2B31FE48005F3E63 /* PersistanceUITestsLaunchTests.swift */,
			);
			path = PersistanceUITests;
			sourceTree = "<group>";
		};
/* End PBXGroup section */

/* Begin PBXNativeTarget section */
		9E1DAD292B31FE45005F3E63 /* Persistance */ = {
			isa = PBXNativeTarget;
			buildConfigurationList = 9E1DAD4E2B31FE48005F3E63 /* Build configuration list for PBXNativeTarget "Persistance" */;
			buildPhases = (
				9E1DAD262B31FE45005F3E63 /* Sources */,
				9E1DAD272B31FE45005F3E63 /* Frameworks */,
				9E1DAD282B31FE45005F3E63 /* Resources */,
			);
			buildRules = (
			);
			dependencies = (
			);
			name = Persistance;
			packageProductDependencies = (
				9E1DAD5A2B3204F0005F3E63 /* KeychainStored */,
			);
			productName = Persistance;
			productReference = 9E1DAD2A2B31FE45005F3E63 /* Persistance.app */;
			productType = "com.apple.product-type.application";
		};
		9E1DAD392B31FE48005F3E63 /* PersistanceTests */ = {
			isa = PBXNativeTarget;
			buildConfigurationList = 9E1DAD512B31FE48005F3E63 /* Build configuration list for PBXNativeTarget "PersistanceTests" */;
			buildPhases = (
				9E1DAD362B31FE48005F3E63 /* Sources */,
				9E1DAD372B31FE48005F3E63 /* Frameworks */,
				9E1DAD382B31FE48005F3E63 /* Resources */,
			);
			buildRules = (
			);
			dependencies = (
				9E1DAD3C2B31FE48005F3E63 /* PBXTargetDependency */,
			);
			name = PersistanceTests;
			productName = PersistanceTests;
			productReference = 9E1DAD3A2B31FE48005F3E63 /* PersistanceTests.xctest */;
			productType = "com.apple.product-type.bundle.unit-test";
		};
		9E1DAD432B31FE48005F3E63 /* PersistanceUITests */ = {
			isa = PBXNativeTarget;
			buildConfigurationList = 9E1DAD542B31FE48005F3E63 /* Build configuration list for PBXNativeTarget "PersistanceUITests" */;
			buildPhases = (
				9E1DAD402B31FE48005F3E63 /* Sources */,
				9E1DAD412B31FE48005F3E63 /* Frameworks */,
				9E1DAD422B31FE48005F3E63 /* Resources */,
			);
			buildRules = (
			);
			dependencies = (
				9E1DAD462B31FE48005F3E63 /* PBXTargetDependency */,
			);
			name = PersistanceUITests;
			productName = PersistanceUITests;
			productReference = 9E1DAD442B31FE48005F3E63 /* PersistanceUITests.xctest */;
			productType = "com.apple.product-type.bundle.ui-testing";
		};
/* End PBXNativeTarget section */

/* Begin PBXProject section */
		9E1DAD222B31FE45005F3E63 /* Project object */ = {
			isa = PBXProject;
			attributes = {
				BuildIndependentTargetsInParallel = 1;
				LastSwiftUpdateCheck = 1510;
				LastUpgradeCheck = 1510;
				TargetAttributes = {
					9E1DAD292B31FE45005F3E63 = {
						CreatedOnToolsVersion = 15.1;
					};
					9E1DAD392B31FE48005F3E63 = {
						CreatedOnToolsVersion = 15.1;
						TestTargetID = 9E1DAD292B31FE45005F3E63;
					};
					9E1DAD432B31FE48005F3E63 = {
						CreatedOnToolsVersion = 15.1;
						TestTargetID = 9E1DAD292B31FE45005F3E63;
					};
				};
			};
			buildConfigurationList = 9E1DAD252B31FE45005F3E63 /* Build configuration list for PBXProject "Persistance" */;
			compatibilityVersion = "Xcode 14.0";
			developmentRegion = en;
			hasScannedForEncodings = 0;
			knownRegions = (
				en,
				Base,
			);
			mainGroup = 9E1DAD212B31FE45005F3E63;
			packageReferences = (
				9E1DAD592B3204F0005F3E63 /* XCRemoteSwiftPackageReference "KeychainStored" */,
			);
			productRefGroup = 9E1DAD2B2B31FE45005F3E63 /* Products */;
			projectDirPath = "";
			projectRoot = "";
			targets = (
				9E1DAD292B31FE45005F3E63 /* Persistance */,
				9E1DAD392B31FE48005F3E63 /* PersistanceTests */,
				9E1DAD432B31FE48005F3E63 /* PersistanceUITests */,
			);
		};
/* End PBXProject section */

/* Begin PBXResourcesBuildPhase section */
		9E1DAD282B31FE45005F3E63 /* Resources */ = {
			isa = PBXResourcesBuildPhase;
			buildActionMask = 2147483647;
			files = (
				9E1DAD352B31FE47005F3E63 /* Preview Assets.xcassets in Resources */,
				9E1DAD322B31FE47005F3E63 /* Assets.xcassets in Resources */,
			);
			runOnlyForDeploymentPostprocessing = 0;
		};
		9E1DAD382B31FE48005F3E63 /* Resources */ = {
			isa = PBXResourcesBuildPhase;
			buildActionMask = 2147483647;
			files = (
			);
			runOnlyForDeploymentPostprocessing = 0;
		};
		9E1DAD422B31FE48005F3E63 /* Resources */ = {
			isa = PBXResourcesBuildPhase;
			buildActionMask = 2147483647;
			files = (
			);
			runOnlyForDeploymentPostprocessing = 0;
		};
/* End PBXResourcesBuildPhase section */

/* Begin PBXSourcesBuildPhase section */
		9E1DAD262B31FE45005F3E63 /* Sources */ = {
			isa = PBXSourcesBuildPhase;
			buildActionMask = 2147483647;
			files = (
				9E1DAD302B31FE45005F3E63 /* ContentView.swift in Sources */,
				9E1DAD582B31FED2005F3E63 /* ContentViewModel.swift in Sources */,
				9E1DAD2E2B31FE45005F3E63 /* PersistanceApp.swift in Sources */,
			);
			runOnlyForDeploymentPostprocessing = 0;
		};
		9E1DAD362B31FE48005F3E63 /* Sources */ = {
			isa = PBXSourcesBuildPhase;
			buildActionMask = 2147483647;
			files = (
				9E1DAD3F2B31FE48005F3E63 /* PersistanceTests.swift in Sources */,
			);
			runOnlyForDeploymentPostprocessing = 0;
		};
		9E1DAD402B31FE48005F3E63 /* Sources */ = {
			isa = PBXSourcesBuildPhase;
			buildActionMask = 2147483647;
			files = (
				9E1DAD4B2B31FE48005F3E63 /* PersistanceUITestsLaunchTests.swift in Sources */,
				9E1DAD492B31FE48005F3E63 /* PersistanceUITests.swift in Sources */,
			);
			runOnlyForDeploymentPostprocessing = 0;
		};
/* End PBXSourcesBuildPhase section */

/* Begin PBXTargetDependency section */
		9E1DAD3C2B31FE48005F3E63 /* PBXTargetDependency */ = {
			isa = PBXTargetDependency;
			target = 9E1DAD292B31FE45005F3E63 /* Persistance */;
			targetProxy = 9E1DAD3B2B31FE48005F3E63 /* PBXContainerItemProxy */;
		};
		9E1DAD462B31FE48005F3E63 /* PBXTargetDependency */ = {
			isa = PBXTargetDependency;
			target = 9E1DAD292B31FE45005F3E63 /* Persistance */;
			targetProxy = 9E1DAD452B31FE48005F3E63 /* PBXContainerItemProxy */;
		};
/* End PBXTargetDependency section */

/* Begin XCBuildConfiguration section */
		9E1DAD4C2B31FE48005F3E63 /* Debug */ = {
			isa = XCBuildConfiguration;
			buildSettings = {
				ALWAYS_SEARCH_USER_PATHS = NO;
				ASSETCATALOG_COMPILER_GENERATE_SWIFT_ASSET_SYMBOL_EXTENSIONS = YES;
				CLANG_ANALYZER_NONNULL = YES;
				CLANG_ANALYZER_NUMBER_OBJECT_CONVERSION = YES_AGGRESSIVE;
				CLANG_CXX_LANGUAGE_STANDARD = "gnu++20";
				CLANG_ENABLE_MODULES = YES;
				CLANG_ENABLE_OBJC_ARC = YES;
				CLANG_ENABLE_OBJC_WEAK = YES;
				CLANG_WARN_BLOCK_CAPTURE_AUTORELEASING = YES;
				CLANG_WARN_BOOL_CONVERSION = YES;
				CLANG_WARN_COMMA = YES;
				CLANG_WARN_CONSTANT_CONVERSION = YES;
				CLANG_WARN_DEPRECATED_OBJC_IMPLEMENTATIONS = YES;
				CLANG_WARN_DIRECT_OBJC_ISA_USAGE = YES_ERROR;
				CLANG_WARN_DOCUMENTATION_COMMENTS = YES;
				CLANG_WARN_EMPTY_BODY = YES;
				CLANG_WARN_ENUM_CONVERSION = YES;
				CLANG_WARN_INFINITE_RECURSION = YES;
				CLANG_WARN_INT_CONVERSION = YES;
				CLANG_WARN_NON_LITERAL_NULL_CONVERSION = YES;
				CLANG_WARN_OBJC_IMPLICIT_RETAIN_SELF = YES;
				CLANG_WARN_OBJC_LITERAL_CONVERSION = YES;
				CLANG_WARN_OBJC_ROOT_CLASS = YES_ERROR;
				CLANG_WARN_QUOTED_INCLUDE_IN_FRAMEWORK_HEADER = YES;
				CLANG_WARN_RANGE_LOOP_ANALYSIS = YES;
				CLANG_WARN_STRICT_PROTOTYPES = YES;
				CLANG_WARN_SUSPICIOUS_MOVE = YES;
				CLANG_WARN_UNGUARDED_AVAILABILITY = YES_AGGRESSIVE;
				CLANG_WARN_UNREACHABLE_CODE = YES;
				CLANG_WARN__DUPLICATE_METHOD_MATCH = YES;
				COPY_PHASE_STRIP = NO;
				DEBUG_INFORMATION_FORMAT = dwarf;
				ENABLE_STRICT_OBJC_MSGSEND = YES;
				ENABLE_TESTABILITY = YES;
				ENABLE_USER_SCRIPT_SANDBOXING = YES;
				GCC_C_LANGUAGE_STANDARD = gnu17;
				GCC_DYNAMIC_NO_PIC = NO;
				GCC_NO_COMMON_BLOCKS = YES;
				GCC_OPTIMIZATION_LEVEL = 0;
				GCC_PREPROCESSOR_DEFINITIONS = (
					"DEBUG=1",
					"$(inherited)",
				);
				GCC_WARN_64_TO_32_BIT_CONVERSION = YES;
				GCC_WARN_ABOUT_RETURN_TYPE = YES_ERROR;
				GCC_WARN_UNDECLARED_SELECTOR = YES;
				GCC_WARN_UNINITIALIZED_AUTOS = YES_AGGRESSIVE;
				GCC_WARN_UNUSED_FUNCTION = YES;
				GCC_WARN_UNUSED_VARIABLE = YES;
				IPHONEOS_DEPLOYMENT_TARGET = 17.2;
				LOCALIZATION_PREFERS_STRING_CATALOGS = YES;
				MTL_ENABLE_DEBUG_INFO = INCLUDE_SOURCE;
				MTL_FAST_MATH = YES;
				ONLY_ACTIVE_ARCH = YES;
				SDKROOT = iphoneos;
				SWIFT_ACTIVE_COMPILATION_CONDITIONS = "DEBUG $(inherited)";
				SWIFT_OPTIMIZATION_LEVEL = "-Onone";
			};
			name = Debug;
		};
		9E1DAD4D2B31FE48005F3E63 /* Release */ = {
			isa = XCBuildConfiguration;
			buildSettings = {
				ALWAYS_SEARCH_USER_PATHS = NO;
				ASSETCATALOG_COMPILER_GENERATE_SWIFT_ASSET_SYMBOL_EXTENSIONS = YES;
				CLANG_ANALYZER_NONNULL = YES;
				CLANG_ANALYZER_NUMBER_OBJECT_CONVERSION = YES_AGGRESSIVE;
				CLANG_CXX_LANGUAGE_STANDARD = "gnu++20";
				CLANG_ENABLE_MODULES = YES;
				CLANG_ENABLE_OBJC_ARC = YES;
				CLANG_ENABLE_OBJC_WEAK = YES;
				CLANG_WARN_BLOCK_CAPTURE_AUTORELEASING = YES;
				CLANG_WARN_BOOL_CONVERSION = YES;
				CLANG_WARN_COMMA = YES;
				CLANG_WARN_CONSTANT_CONVERSION = YES;
				CLANG_WARN_DEPRECATED_OBJC_IMPLEMENTATIONS = YES;
				CLANG_WARN_DIRECT_OBJC_ISA_USAGE = YES_ERROR;
				CLANG_WARN_DOCUMENTATION_COMMENTS = YES;
				CLANG_WARN_EMPTY_BODY = YES;
				CLANG_WARN_ENUM_CONVERSION = YES;
				CLANG_WARN_INFINITE_RECURSION = YES;
				CLANG_WARN_INT_CONVERSION = YES;
				CLANG_WARN_NON_LITERAL_NULL_CONVERSION = YES;
				CLANG_WARN_OBJC_IMPLICIT_RETAIN_SELF = YES;
				CLANG_WARN_OBJC_LITERAL_CONVERSION = YES;
				CLANG_WARN_OBJC_ROOT_CLASS = YES_ERROR;
				CLANG_WARN_QUOTED_INCLUDE_IN_FRAMEWORK_HEADER = YES;
				CLANG_WARN_RANGE_LOOP_ANALYSIS = YES;
				CLANG_WARN_STRICT_PROTOTYPES = YES;
				CLANG_WARN_SUSPICIOUS_MOVE = YES;
				CLANG_WARN_UNGUARDED_AVAILABILITY = YES_AGGRESSIVE;
				CLANG_WARN_UNREACHABLE_CODE = YES;
				CLANG_WARN__DUPLICATE_METHOD_MATCH = YES;
				COPY_PHASE_STRIP = NO;
				DEBUG_INFORMATION_FORMAT = "dwarf-with-dsym";
				ENABLE_NS_ASSERTIONS = NO;
				ENABLE_STRICT_OBJC_MSGSEND = YES;
				ENABLE_USER_SCRIPT_SANDBOXING = YES;
				GCC_C_LANGUAGE_STANDARD = gnu17;
				GCC_NO_COMMON_BLOCKS = YES;
				GCC_WARN_64_TO_32_BIT_CONVERSION = YES;
				GCC_WARN_ABOUT_RETURN_TYPE = YES_ERROR;
				GCC_WARN_UNDECLARED_SELECTOR = YES;
				GCC_WARN_UNINITIALIZED_AUTOS = YES_AGGRESSIVE;
				GCC_WARN_UNUSED_FUNCTION = YES;
				GCC_WARN_UNUSED_VARIABLE = YES;
				IPHONEOS_DEPLOYMENT_TARGET = 17.2;
				LOCALIZATION_PREFERS_STRING_CATALOGS = YES;
				MTL_ENABLE_DEBUG_INFO = NO;
				MTL_FAST_MATH = YES;
				SDKROOT = iphoneos;
				SWIFT_COMPILATION_MODE = wholemodule;
				VALIDATE_PRODUCT = YES;
			};
			name = Release;
		};
		9E1DAD4F2B31FE48005F3E63 /* Debug */ = {
			isa = XCBuildConfiguration;
			buildSettings = {
				ASSETCATALOG_COMPILER_APPICON_NAME = AppIcon;
				ASSETCATALOG_COMPILER_GLOBAL_ACCENT_COLOR_NAME = AccentColor;
				CODE_SIGN_STYLE = Automatic;
				CURRENT_PROJECT_VERSION = 1;
				DEVELOPMENT_ASSET_PATHS = "\"Persistance/Preview Content\"";
				DEVELOPMENT_TEAM = 2L24TQ8W95;
				ENABLE_PREVIEWS = YES;
				GENERATE_INFOPLIST_FILE = YES;
				INFOPLIST_KEY_UIApplicationSceneManifest_Generation = YES;
				INFOPLIST_KEY_UIApplicationSupportsIndirectInputEvents = YES;
				INFOPLIST_KEY_UILaunchScreen_Generation = YES;
				INFOPLIST_KEY_UISupportedInterfaceOrientations_iPad = "UIInterfaceOrientationPortrait UIInterfaceOrientationPortraitUpsideDown UIInterfaceOrientationLandscapeLeft UIInterfaceOrientationLandscapeRight";
				INFOPLIST_KEY_UISupportedInterfaceOrientations_iPhone = "UIInterfaceOrientationPortrait UIInterfaceOrientationLandscapeLeft UIInterfaceOrientationLandscapeRight";
				LD_RUNPATH_SEARCH_PATHS = (
					"$(inherited)",
					"@executable_path/Frameworks",
				);
				MARKETING_VERSION = 1.0;
				PRODUCT_BUNDLE_IDENTIFIER = "bg.uni-sofia.fmi.Persistance";
				PRODUCT_NAME = "$(TARGET_NAME)";
				SWIFT_EMIT_LOC_STRINGS = YES;
				SWIFT_VERSION = 5.0;
				TARGETED_DEVICE_FAMILY = "1,2";
			};
			name = Debug;
		};
		9E1DAD502B31FE48005F3E63 /* Release */ = {
			isa = XCBuildConfiguration;
			buildSettings = {
				ASSETCATALOG_COMPILER_APPICON_NAME = AppIcon;
				ASSETCATALOG_COMPILER_GLOBAL_ACCENT_COLOR_NAME = AccentColor;
				CODE_SIGN_STYLE = Automatic;
				CURRENT_PROJECT_VERSION = 1;
				DEVELOPMENT_ASSET_PATHS = "\"Persistance/Preview Content\"";
				DEVELOPMENT_TEAM = 2L24TQ8W95;
				ENABLE_PREVIEWS = YES;
				GENERATE_INFOPLIST_FILE = YES;
				INFOPLIST_KEY_UIApplicationSceneManifest_Generation = YES;
				INFOPLIST_KEY_UIApplicationSupportsIndirectInputEvents = YES;
				INFOPLIST_KEY_UILaunchScreen_Generation = YES;
				INFOPLIST_KEY_UISupportedInterfaceOrientations_iPad = "UIInterfaceOrientationPortrait UIInterfaceOrientationPortraitUpsideDown UIInterfaceOrientationLandscapeLeft UIInterfaceOrientationLandscapeRight";
				INFOPLIST_KEY_UISupportedInterfaceOrientations_iPhone = "UIInterfaceOrientationPortrait UIInterfaceOrientationLandscapeLeft UIInterfaceOrientationLandscapeRight";
				LD_RUNPATH_SEARCH_PATHS = (
					"$(inherited)",
					"@executable_path/Frameworks",
				);
				MARKETING_VERSION = 1.0;
				PRODUCT_BUNDLE_IDENTIFIER = "bg.uni-sofia.fmi.Persistance";
				PRODUCT_NAME = "$(TARGET_NAME)";
				SWIFT_EMIT_LOC_STRINGS = YES;
				SWIFT_VERSION = 5.0;
				TARGETED_DEVICE_FAMILY = "1,2";
			};
			name = Release;
		};
		9E1DAD522B31FE48005F3E63 /* Debug */ = {
			isa = XCBuildConfiguration;
			buildSettings = {
				ALWAYS_EMBED_SWIFT_STANDARD_LIBRARIES = YES;
				BUNDLE_LOADER = "$(TEST_HOST)";
				CODE_SIGN_STYLE = Automatic;
				CURRENT_PROJECT_VERSION = 1;
				DEVELOPMENT_TEAM = 2L24TQ8W95;
				GENERATE_INFOPLIST_FILE = YES;
				IPHONEOS_DEPLOYMENT_TARGET = 17.2;
				MARKETING_VERSION = 1.0;
				PRODUCT_BUNDLE_IDENTIFIER = "bg.uni-sofia.fmi.PersistanceTests";
				PRODUCT_NAME = "$(TARGET_NAME)";
				SWIFT_EMIT_LOC_STRINGS = NO;
				SWIFT_VERSION = 5.0;
				TARGETED_DEVICE_FAMILY = "1,2";
				TEST_HOST = "$(BUILT_PRODUCTS_DIR)/Persistance.app/$(BUNDLE_EXECUTABLE_FOLDER_PATH)/Persistance";
			};
			name = Debug;
		};
		9E1DAD532B31FE48005F3E63 /* Release */ = {
			isa = XCBuildConfiguration;
			buildSettings = {
				ALWAYS_EMBED_SWIFT_STANDARD_LIBRARIES = YES;
				BUNDLE_LOADER = "$(TEST_HOST)";
				CODE_SIGN_STYLE = Automatic;
				CURRENT_PROJECT_VERSION = 1;
				DEVELOPMENT_TEAM = 2L24TQ8W95;
				GENERATE_INFOPLIST_FILE = YES;
				IPHONEOS_DEPLOYMENT_TARGET = 17.2;
				MARKETING_VERSION = 1.0;
				PRODUCT_BUNDLE_IDENTIFIER = "bg.uni-sofia.fmi.PersistanceTests";
				PRODUCT_NAME = "$(TARGET_NAME)";
				SWIFT_EMIT_LOC_STRINGS = NO;
				SWIFT_VERSION = 5.0;
				TARGETED_DEVICE_FAMILY = "1,2";
				TEST_HOST = "$(BUILT_PRODUCTS_DIR)/Persistance.app/$(BUNDLE_EXECUTABLE_FOLDER_PATH)/Persistance";
			};
			name = Release;
		};
		9E1DAD552B31FE48005F3E63 /* Debug */ = {
			isa = XCBuildConfiguration;
			buildSettings = {
				ALWAYS_EMBED_SWIFT_STANDARD_LIBRARIES = YES;
				CODE_SIGN_STYLE = Automatic;
				CURRENT_PROJECT_VERSION = 1;
				DEVELOPMENT_TEAM = 2L24TQ8W95;
				GENERATE_INFOPLIST_FILE = YES;
				MARKETING_VERSION = 1.0;
				PRODUCT_BUNDLE_IDENTIFIER = "bg.uni-sofia.fmi.PersistanceUITests";
				PRODUCT_NAME = "$(TARGET_NAME)";
				SWIFT_EMIT_LOC_STRINGS = NO;
				SWIFT_VERSION = 5.0;
				TARGETED_DEVICE_FAMILY = "1,2";
				TEST_TARGET_NAME = Persistance;
			};
			name = Debug;
		};
		9E1DAD562B31FE48005F3E63 /* Release */ = {
			isa = XCBuildConfiguration;
			buildSettings = {
				ALWAYS_EMBED_SWIFT_STANDARD_LIBRARIES = YES;
				CODE_SIGN_STYLE = Automatic;
				CURRENT_PROJECT_VERSION = 1;
				DEVELOPMENT_TEAM = 2L24TQ8W95;
				GENERATE_INFOPLIST_FILE = YES;
				MARKETING_VERSION = 1.0;
				PRODUCT_BUNDLE_IDENTIFIER = "bg.uni-sofia.fmi.PersistanceUITests";
				PRODUCT_NAME = "$(TARGET_NAME)";
				SWIFT_EMIT_LOC_STRINGS = NO;
				SWIFT_VERSION = 5.0;
				TARGETED_DEVICE_FAMILY = "1,2";
				TEST_TARGET_NAME = Persistance;
			};
			name = Release;
		};
/* End XCBuildConfiguration section */

/* Begin XCConfigurationList section */
		9E1DAD252B31FE45005F3E63 /* Build configuration list for PBXProject "Persistance" */ = {
			isa = XCConfigurationList;
			buildConfigurations = (
				9E1DAD4C2B31FE48005F3E63 /* Debug */,
				9E1DAD4D2B31FE48005F3E63 /* Release */,
			);
			defaultConfigurationIsVisible = 0;
			defaultConfigurationName = Release;
		};
		9E1DAD4E2B31FE48005F3E63 /* Build configuration list for PBXNativeTarget "Persistance" */ = {
			isa = XCConfigurationList;
			buildConfigurations = (
				9E1DAD4F2B31FE48005F3E63 /* Debug */,
				9E1DAD502B31FE48005F3E63 /* Release */,
			);
			defaultConfigurationIsVisible = 0;
			defaultConfigurationName = Release;
		};
		9E1DAD512B31FE48005F3E63 /* Build configuration list for PBXNativeTarget "PersistanceTests" */ = {
			isa = XCConfigurationList;
			buildConfigurations = (
				9E1DAD522B31FE48005F3E63 /* Debug */,
				9E1DAD532B31FE48005F3E63 /* Release */,
			);
			defaultConfigurationIsVisible = 0;
			defaultConfigurationName = Release;
		};
		9E1DAD542B31FE48005F3E63 /* Build configuration list for PBXNativeTarget "PersistanceUITests" */ = {
			isa = XCConfigurationList;
			buildConfigurations = (
				9E1DAD552B31FE48005F3E63 /* Debug */,
				9E1DAD562B31FE48005F3E63 /* Release */,
			);
			defaultConfigurationIsVisible = 0;
			defaultConfigurationName = Release;
		};
/* End XCConfigurationList section */

/* Begin XCRemoteSwiftPackageReference section */
		9E1DAD592B3204F0005F3E63 /* XCRemoteSwiftPackageReference "KeychainStored" */ = {
			isa = XCRemoteSwiftPackageReference;
			repositoryURL = "https://github.com/owowagency/KeychainStored";
			requirement = {
				kind = upToNextMajorVersion;
				minimumVersion = 1.1.0;
			};
		};
/* End XCRemoteSwiftPackageReference section */

/* Begin XCSwiftPackageProductDependency section */
		9E1DAD5A2B3204F0005F3E63 /* KeychainStored */ = {
			isa = XCSwiftPackageProductDependency;
			package = 9E1DAD592B3204F0005F3E63 /* XCRemoteSwiftPackageReference "KeychainStored" */;
			productName = KeychainStored;
		};
/* End XCSwiftPackageProductDependency section */
	};
	rootObject = 9E1DAD222B31FE45005F3E63 /* Project object */;
}
