// !$*UTF8*$!
{
	archiveVersion = 1;
	classes = {
	};
	objectVersion = 56;
	objects = {

/* Begin PBXBuildFile section */
		9E08376E2B03EC1D0022E359 /* MainScreenViewModel.swift in Sources */ = {isa = PBXBuildFile; fileRef = 9E08376D2B03EC1D0022E359 /* MainScreenViewModel.swift */; };
		9E0837722B067F840022E359 /* LoginScreenViewModel.swift in Sources */ = {isa = PBXBuildFile; fileRef = 9E0837712B067F840022E359 /* LoginScreenViewModel.swift */; };
		9E0837742B0685FF0022E359 /* LoginView.swift in Sources */ = {isa = PBXBuildFile; fileRef = 9E0837732B0685FF0022E359 /* LoginView.swift */; };
		9E0837782B0690D80022E359 /* ProfileScreenView.swift in Sources */ = {isa = PBXBuildFile; fileRef = 9E0837772B0690D80022E359 /* ProfileScreenView.swift */; };
		9E08377A2B0690EB0022E359 /* HomeScreenView.swift in Sources */ = {isa = PBXBuildFile; fileRef = 9E0837792B0690EB0022E359 /* HomeScreenView.swift */; };
		9E08378F2B0D19660022E359 /* HomeScreenViewModel.swift in Sources */ = {isa = PBXBuildFile; fileRef = 9E08378E2B0D19660022E359 /* HomeScreenViewModel.swift */; };
		9E744D422AEAC7130001DF8D /* InputView.swift in Sources */ = {isa = PBXBuildFile; fileRef = 9E744D412AEAC7130001DF8D /* InputView.swift */; };
		9E744D6C2AF166A80001DF8D /* FirstScreenView.swift in Sources */ = {isa = PBXBuildFile; fileRef = 9E744D6B2AF166A80001DF8D /* FirstScreenView.swift */; };
		9E744D6E2AF303830001DF8D /* StackExampleUIView.swift in Sources */ = {isa = PBXBuildFile; fileRef = 9E744D6D2AF303830001DF8D /* StackExampleUIView.swift */; };
		9E98FF902AF4050100458B3B /* LoginScreenView.swift in Sources */ = {isa = PBXBuildFile; fileRef = 9E98FF8F2AF4050100458B3B /* LoginScreenView.swift */; };
		9E98FF922AFA9B5700458B3B /* ContainersView.swift in Sources */ = {isa = PBXBuildFile; fileRef = 9E98FF912AFA9B5700458B3B /* ContainersView.swift */; };
		9ED1145C2AFD3FBB002C9567 /* CanvasDemoView.swift in Sources */ = {isa = PBXBuildFile; fileRef = 9ED1145B2AFD3FBB002C9567 /* CanvasDemoView.swift */; };
		9ED1B5112AD45A8C00B0CEFD /* MyFirstSwiftUIAppApp.swift in Sources */ = {isa = PBXBuildFile; fileRef = 9ED1B5102AD45A8C00B0CEFD /* MyFirstSwiftUIAppApp.swift */; };
		9ED1B5132AD45A8C00B0CEFD /* MainScreenView.swift in Sources */ = {isa = PBXBuildFile; fileRef = 9ED1B5122AD45A8C00B0CEFD /* MainScreenView.swift */; };
		9ED1B5152AD45A8F00B0CEFD /* Assets.xcassets in Resources */ = {isa = PBXBuildFile; fileRef = 9ED1B5142AD45A8F00B0CEFD /* Assets.xcassets */; };
		9ED1B5182AD45A8F00B0CEFD /* Preview Assets.xcassets in Resources */ = {isa = PBXBuildFile; fileRef = 9ED1B5172AD45A8F00B0CEFD /* Preview Assets.xcassets */; };
		9ED1B5222AD45A8F00B0CEFD /* MyFirstSwiftUIAppTests.swift in Sources */ = {isa = PBXBuildFile; fileRef = 9ED1B5212AD45A8F00B0CEFD /* MyFirstSwiftUIAppTests.swift */; };
		9ED1B52C2AD45A8F00B0CEFD /* MyFirstSwiftUIAppUITests.swift in Sources */ = {isa = PBXBuildFile; fileRef = 9ED1B52B2AD45A8F00B0CEFD /* MyFirstSwiftUIAppUITests.swift */; };
		9ED1B52E2AD45A8F00B0CEFD /* MyFirstSwiftUIAppUITestsLaunchTests.swift in Sources */ = {isa = PBXBuildFile; fileRef = 9ED1B52D2AD45A8F00B0CEFD /* MyFirstSwiftUIAppUITestsLaunchTests.swift */; };
		9EFF9F262AE18A4E003B1932 /* DemoMacOSAppApp.swift in Sources */ = {isa = PBXBuildFile; fileRef = 9EFF9F252AE18A4E003B1932 /* DemoMacOSAppApp.swift */; };
		9EFF9F282AE18A4E003B1932 /* ContentView.swift in Sources */ = {isa = PBXBuildFile; fileRef = 9EFF9F272AE18A4E003B1932 /* ContentView.swift */; };
		9EFF9F2A2AE18A51003B1932 /* Assets.xcassets in Resources */ = {isa = PBXBuildFile; fileRef = 9EFF9F292AE18A51003B1932 /* Assets.xcassets */; };
		9EFF9F2D2AE18A51003B1932 /* Preview Assets.xcassets in Resources */ = {isa = PBXBuildFile; fileRef = 9EFF9F2C2AE18A51003B1932 /* Preview Assets.xcassets */; };
		9EFF9F382AE18A53003B1932 /* DemoMacOSAppTests.swift in Sources */ = {isa = PBXBuildFile; fileRef = 9EFF9F372AE18A53003B1932 /* DemoMacOSAppTests.swift */; };
		9EFF9F422AE18A55003B1932 /* DemoMacOSAppUITests.swift in Sources */ = {isa = PBXBuildFile; fileRef = 9EFF9F412AE18A55003B1932 /* DemoMacOSAppUITests.swift */; };
		9EFF9F442AE18A55003B1932 /* DemoMacOSAppUITestsLaunchTests.swift in Sources */ = {isa = PBXBuildFile; fileRef = 9EFF9F432AE18A55003B1932 /* DemoMacOSAppUITestsLaunchTests.swift */; };
		9EFF9F502AE18B0E003B1932 /* Photos.framework in Frameworks */ = {isa = PBXBuildFile; fileRef = 9EFF9F4F2AE18B0E003B1932 /* Photos.framework */; };
/* End PBXBuildFile section */

/* Begin PBXContainerItemProxy section */
		9ED1B51E2AD45A8F00B0CEFD /* PBXContainerItemProxy */ = {
			isa = PBXContainerItemProxy;
			containerPortal = 9ED1B5052AD45A8C00B0CEFD /* Project object */;
			proxyType = 1;
			remoteGlobalIDString = 9ED1B50C2AD45A8C00B0CEFD;
			remoteInfo = MyFirstSwiftUIApp;
		};
		9ED1B5282AD45A8F00B0CEFD /* PBXContainerItemProxy */ = {
			isa = PBXContainerItemProxy;
			containerPortal = 9ED1B5052AD45A8C00B0CEFD /* Project object */;
			proxyType = 1;
			remoteGlobalIDString = 9ED1B50C2AD45A8C00B0CEFD;
			remoteInfo = MyFirstSwiftUIApp;
		};
		9EFF9F342AE18A52003B1932 /* PBXContainerItemProxy */ = {
			isa = PBXContainerItemProxy;
			containerPortal = 9ED1B5052AD45A8C00B0CEFD /* Project object */;
			proxyType = 1;
			remoteGlobalIDString = 9EFF9F222AE18A4E003B1932;
			remoteInfo = DemoMacOSApp;
		};
		9EFF9F3E2AE18A54003B1932 /* PBXContainerItemProxy */ = {
			isa = PBXContainerItemProxy;
			containerPortal = 9ED1B5052AD45A8C00B0CEFD /* Project object */;
			proxyType = 1;
			remoteGlobalIDString = 9EFF9F222AE18A4E003B1932;
			remoteInfo = DemoMacOSApp;
		};
/* End PBXContainerItemProxy section */

/* Begin PBXFileReference section */
		9E08376D2B03EC1D0022E359 /* MainScreenViewModel.swift */ = {isa = PBXFileReference; lastKnownFileType = sourcecode.swift; path = MainScreenViewModel.swift; sourceTree = "<group>"; };
		9E0837712B067F840022E359 /* LoginScreenViewModel.swift */ = {isa = PBXFileReference; lastKnownFileType = sourcecode.swift; path = LoginScreenViewModel.swift; sourceTree = "<group>"; };
		9E0837732B0685FF0022E359 /* LoginView.swift */ = {isa = PBXFileReference; lastKnownFileType = sourcecode.swift; path = LoginView.swift; sourceTree = "<group>"; };
		9E0837772B0690D80022E359 /* ProfileScreenView.swift */ = {isa = PBXFileReference; lastKnownFileType = sourcecode.swift; path = ProfileScreenView.swift; sourceTree = "<group>"; };
		9E0837792B0690EB0022E359 /* HomeScreenView.swift */ = {isa = PBXFileReference; lastKnownFileType = sourcecode.swift; path = HomeScreenView.swift; sourceTree = "<group>"; };
		9E08378E2B0D19660022E359 /* HomeScreenViewModel.swift */ = {isa = PBXFileReference; lastKnownFileType = sourcecode.swift; path = HomeScreenViewModel.swift; sourceTree = "<group>"; };
		9E744D412AEAC7130001DF8D /* InputView.swift */ = {isa = PBXFileReference; lastKnownFileType = sourcecode.swift; path = InputView.swift; sourceTree = "<group>"; };
		9E744D6B2AF166A80001DF8D /* FirstScreenView.swift */ = {isa = PBXFileReference; lastKnownFileType = sourcecode.swift; path = FirstScreenView.swift; sourceTree = "<group>"; };
		9E744D6D2AF303830001DF8D /* StackExampleUIView.swift */ = {isa = PBXFileReference; lastKnownFileType = sourcecode.swift; path = StackExampleUIView.swift; sourceTree = "<group>"; };
		9E98FF8F2AF4050100458B3B /* LoginScreenView.swift */ = {isa = PBXFileReference; lastKnownFileType = sourcecode.swift; path = LoginScreenView.swift; sourceTree = "<group>"; };
		9E98FF912AFA9B5700458B3B /* ContainersView.swift */ = {isa = PBXFileReference; lastKnownFileType = sourcecode.swift; path = ContainersView.swift; sourceTree = "<group>"; };
		9ED1145B2AFD3FBB002C9567 /* CanvasDemoView.swift */ = {isa = PBXFileReference; lastKnownFileType = sourcecode.swift; path = CanvasDemoView.swift; sourceTree = "<group>"; };
		9ED1B50D2AD45A8C00B0CEFD /* MyFirstSwiftUIApp.app */ = {isa = PBXFileReference; explicitFileType = wrapper.application; includeInIndex = 0; path = MyFirstSwiftUIApp.app; sourceTree = BUILT_PRODUCTS_DIR; };
		9ED1B5102AD45A8C00B0CEFD /* MyFirstSwiftUIAppApp.swift */ = {isa = PBXFileReference; lastKnownFileType = sourcecode.swift; path = MyFirstSwiftUIAppApp.swift; sourceTree = "<group>"; };
		9ED1B5122AD45A8C00B0CEFD /* MainScreenView.swift */ = {isa = PBXFileReference; lastKnownFileType = sourcecode.swift; path = MainScreenView.swift; sourceTree = "<group>"; };
		9ED1B5142AD45A8F00B0CEFD /* Assets.xcassets */ = {isa = PBXFileReference; lastKnownFileType = folder.assetcatalog; path = Assets.xcassets; sourceTree = "<group>"; };
		9ED1B5172AD45A8F00B0CEFD /* Preview Assets.xcassets */ = {isa = PBXFileReference; lastKnownFileType = folder.assetcatalog; path = "Preview Assets.xcassets"; sourceTree = "<group>"; };
		9ED1B51D2AD45A8F00B0CEFD /* MyFirstSwiftUIAppTests.xctest */ = {isa = PBXFileReference; explicitFileType = wrapper.cfbundle; includeInIndex = 0; path = MyFirstSwiftUIAppTests.xctest; sourceTree = BUILT_PRODUCTS_DIR; };
		9ED1B5212AD45A8F00B0CEFD /* MyFirstSwiftUIAppTests.swift */ = {isa = PBXFileReference; lastKnownFileType = sourcecode.swift; path = MyFirstSwiftUIAppTests.swift; sourceTree = "<group>"; };
		9ED1B5272AD45A8F00B0CEFD /* MyFirstSwiftUIAppUITests.xctest */ = {isa = PBXFileReference; explicitFileType = wrapper.cfbundle; includeInIndex = 0; path = MyFirstSwiftUIAppUITests.xctest; sourceTree = BUILT_PRODUCTS_DIR; };
		9ED1B52B2AD45A8F00B0CEFD /* MyFirstSwiftUIAppUITests.swift */ = {isa = PBXFileReference; lastKnownFileType = sourcecode.swift; path = MyFirstSwiftUIAppUITests.swift; sourceTree = "<group>"; };
		9ED1B52D2AD45A8F00B0CEFD /* MyFirstSwiftUIAppUITestsLaunchTests.swift */ = {isa = PBXFileReference; lastKnownFileType = sourcecode.swift; path = MyFirstSwiftUIAppUITestsLaunchTests.swift; sourceTree = "<group>"; };
		9EFF9F232AE18A4E003B1932 /* DemoMacOSApp.app */ = {isa = PBXFileReference; explicitFileType = wrapper.application; includeInIndex = 0; path = DemoMacOSApp.app; sourceTree = BUILT_PRODUCTS_DIR; };
		9EFF9F252AE18A4E003B1932 /* DemoMacOSAppApp.swift */ = {isa = PBXFileReference; lastKnownFileType = sourcecode.swift; path = DemoMacOSAppApp.swift; sourceTree = "<group>"; };
		9EFF9F272AE18A4E003B1932 /* ContentView.swift */ = {isa = PBXFileReference; lastKnownFileType = sourcecode.swift; path = ContentView.swift; sourceTree = "<group>"; };
		9EFF9F292AE18A51003B1932 /* Assets.xcassets */ = {isa = PBXFileReference; lastKnownFileType = folder.assetcatalog; path = Assets.xcassets; sourceTree = "<group>"; };
		9EFF9F2C2AE18A51003B1932 /* Preview Assets.xcassets */ = {isa = PBXFileReference; lastKnownFileType = folder.assetcatalog; path = "Preview Assets.xcassets"; sourceTree = "<group>"; };
		9EFF9F2E2AE18A51003B1932 /* DemoMacOSApp.entitlements */ = {isa = PBXFileReference; lastKnownFileType = text.plist.entitlements; path = DemoMacOSApp.entitlements; sourceTree = "<group>"; };
		9EFF9F332AE18A52003B1932 /* DemoMacOSAppTests.xctest */ = {isa = PBXFileReference; explicitFileType = wrapper.cfbundle; includeInIndex = 0; path = DemoMacOSAppTests.xctest; sourceTree = BUILT_PRODUCTS_DIR; };
		9EFF9F372AE18A53003B1932 /* DemoMacOSAppTests.swift */ = {isa = PBXFileReference; lastKnownFileType = sourcecode.swift; path = DemoMacOSAppTests.swift; sourceTree = "<group>"; };
		9EFF9F3D2AE18A53003B1932 /* DemoMacOSAppUITests.xctest */ = {isa = PBXFileReference; explicitFileType = wrapper.cfbundle; includeInIndex = 0; path = DemoMacOSAppUITests.xctest; sourceTree = BUILT_PRODUCTS_DIR; };
		9EFF9F412AE18A55003B1932 /* DemoMacOSAppUITests.swift */ = {isa = PBXFileReference; lastKnownFileType = sourcecode.swift; path = DemoMacOSAppUITests.swift; sourceTree = "<group>"; };
		9EFF9F432AE18A55003B1932 /* DemoMacOSAppUITestsLaunchTests.swift */ = {isa = PBXFileReference; lastKnownFileType = sourcecode.swift; path = DemoMacOSAppUITestsLaunchTests.swift; sourceTree = "<group>"; };
		9EFF9F4F2AE18B0E003B1932 /* Photos.framework */ = {isa = PBXFileReference; lastKnownFileType = wrapper.framework; name = Photos.framework; path = System/Library/Frameworks/Photos.framework; sourceTree = SDKROOT; };
/* End PBXFileReference section */

/* Begin PBXFrameworksBuildPhase section */
		9ED1B50A2AD45A8C00B0CEFD /* Frameworks */ = {
			isa = PBXFrameworksBuildPhase;
			buildActionMask = 2147483647;
			files = (
				9EFF9F502AE18B0E003B1932 /* Photos.framework in Frameworks */,
			);
			runOnlyForDeploymentPostprocessing = 0;
		};
		9ED1B51A2AD45A8F00B0CEFD /* Frameworks */ = {
			isa = PBXFrameworksBuildPhase;
			buildActionMask = 2147483647;
			files = (
			);
			runOnlyForDeploymentPostprocessing = 0;
		};
		9ED1B5242AD45A8F00B0CEFD /* Frameworks */ = {
			isa = PBXFrameworksBuildPhase;
			buildActionMask = 2147483647;
			files = (
			);
			runOnlyForDeploymentPostprocessing = 0;
		};
		9EFF9F202AE18A4E003B1932 /* Frameworks */ = {
			isa = PBXFrameworksBuildPhase;
			buildActionMask = 2147483647;
			files = (
			);
			runOnlyForDeploymentPostprocessing = 0;
		};
		9EFF9F302AE18A51003B1932 /* Frameworks */ = {
			isa = PBXFrameworksBuildPhase;
			buildActionMask = 2147483647;
			files = (
			);
			runOnlyForDeploymentPostprocessing = 0;
		};
		9EFF9F3A2AE18A53003B1932 /* Frameworks */ = {
			isa = PBXFrameworksBuildPhase;
			buildActionMask = 2147483647;
			files = (
			);
			runOnlyForDeploymentPostprocessing = 0;
		};
/* End PBXFrameworksBuildPhase section */

/* Begin PBXGroup section */
		9E08376C2B03EC040022E359 /* MainScreen */ = {
			isa = PBXGroup;
			children = (
				9ED1B5122AD45A8C00B0CEFD /* MainScreenView.swift */,
				9E08376D2B03EC1D0022E359 /* MainScreenViewModel.swift */,
			);
			path = MainScreen;
			sourceTree = "<group>";
		};
		9E08376F2B067F2A0022E359 /* Screens */ = {
			isa = PBXGroup;
			children = (
				9E0837762B0690C00022E359 /* ProfileScreen */,
				9E0837752B06908D0022E359 /* HomeScreen */,
				9E0837702B067F3B0022E359 /* LoginScreen */,
			);
			path = Screens;
			sourceTree = "<group>";
		};
		9E0837702B067F3B0022E359 /* LoginScreen */ = {
			isa = PBXGroup;
			children = (
				9E744D412AEAC7130001DF8D /* InputView.swift */,
				9E98FF8F2AF4050100458B3B /* LoginScreenView.swift */,
				9E0837712B067F840022E359 /* LoginScreenViewModel.swift */,
				9E0837732B0685FF0022E359 /* LoginView.swift */,
			);
			path = LoginScreen;
			sourceTree = "<group>";
		};
		9E0837752B06908D0022E359 /* HomeScreen */ = {
			isa = PBXGroup;
			children = (
				9E0837792B0690EB0022E359 /* HomeScreenView.swift */,
				9E08378E2B0D19660022E359 /* HomeScreenViewModel.swift */,
			);
			path = HomeScreen;
			sourceTree = "<group>";
		};
		9E0837762B0690C00022E359 /* ProfileScreen */ = {
			isa = PBXGroup;
			children = (
				9E0837772B0690D80022E359 /* ProfileScreenView.swift */,
			);
			path = ProfileScreen;
			sourceTree = "<group>";
		};
		9ED1B5042AD45A8C00B0CEFD = {
			isa = PBXGroup;
			children = (
				9ED1B50F2AD45A8C00B0CEFD /* MyFirstSwiftUIApp */,
				9ED1B5202AD45A8F00B0CEFD /* MyFirstSwiftUIAppTests */,
				9ED1B52A2AD45A8F00B0CEFD /* MyFirstSwiftUIAppUITests */,
				9EFF9F242AE18A4E003B1932 /* DemoMacOSApp */,
				9EFF9F362AE18A53003B1932 /* DemoMacOSAppTests */,
				9EFF9F402AE18A55003B1932 /* DemoMacOSAppUITests */,
				9ED1B50E2AD45A8C00B0CEFD /* Products */,
				9EFF9F4E2AE18B0C003B1932 /* Frameworks */,
			);
			sourceTree = "<group>";
		};
		9ED1B50E2AD45A8C00B0CEFD /* Products */ = {
			isa = PBXGroup;
			children = (
				9ED1B50D2AD45A8C00B0CEFD /* MyFirstSwiftUIApp.app */,
				9ED1B51D2AD45A8F00B0CEFD /* MyFirstSwiftUIAppTests.xctest */,
				9ED1B5272AD45A8F00B0CEFD /* MyFirstSwiftUIAppUITests.xctest */,
				9EFF9F232AE18A4E003B1932 /* DemoMacOSApp.app */,
				9EFF9F332AE18A52003B1932 /* DemoMacOSAppTests.xctest */,
				9EFF9F3D2AE18A53003B1932 /* DemoMacOSAppUITests.xctest */,
			);
			name = Products;
			sourceTree = "<group>";
		};
		9ED1B50F2AD45A8C00B0CEFD /* MyFirstSwiftUIApp */ = {
			isa = PBXGroup;
			children = (
				9E08376F2B067F2A0022E359 /* Screens */,
				9E08376C2B03EC040022E359 /* MainScreen */,
				9ED1B5102AD45A8C00B0CEFD /* MyFirstSwiftUIAppApp.swift */,
				9ED1B5142AD45A8F00B0CEFD /* Assets.xcassets */,
				9ED1B5162AD45A8F00B0CEFD /* Preview Content */,
				9E744D6B2AF166A80001DF8D /* FirstScreenView.swift */,
				9E744D6D2AF303830001DF8D /* StackExampleUIView.swift */,
				9E98FF912AFA9B5700458B3B /* ContainersView.swift */,
				9ED1145B2AFD3FBB002C9567 /* CanvasDemoView.swift */,
			);
			path = MyFirstSwiftUIApp;
			sourceTree = "<group>";
		};
		9ED1B5162AD45A8F00B0CEFD /* Preview Content */ = {
			isa = PBXGroup;
			children = (
				9ED1B5172AD45A8F00B0CEFD /* Preview Assets.xcassets */,
			);
			path = "Preview Content";
			sourceTree = "<group>";
		};
		9ED1B5202AD45A8F00B0CEFD /* MyFirstSwiftUIAppTests */ = {
			isa = PBXGroup;
			children = (
				9ED1B5212AD45A8F00B0CEFD /* MyFirstSwiftUIAppTests.swift */,
			);
			path = MyFirstSwiftUIAppTests;
			sourceTree = "<group>";
		};
		9ED1B52A2AD45A8F00B0CEFD /* MyFirstSwiftUIAppUITests */ = {
			isa = PBXGroup;
			children = (
				9ED1B52B2AD45A8F00B0CEFD /* MyFirstSwiftUIAppUITests.swift */,
				9ED1B52D2AD45A8F00B0CEFD /* MyFirstSwiftUIAppUITestsLaunchTests.swift */,
			);
			path = MyFirstSwiftUIAppUITests;
			sourceTree = "<group>";
		};
		9EFF9F242AE18A4E003B1932 /* DemoMacOSApp */ = {
			isa = PBXGroup;
			children = (
				9EFF9F252AE18A4E003B1932 /* DemoMacOSAppApp.swift */,
				9EFF9F272AE18A4E003B1932 /* ContentView.swift */,
				9EFF9F292AE18A51003B1932 /* Assets.xcassets */,
				9EFF9F2E2AE18A51003B1932 /* DemoMacOSApp.entitlements */,
				9EFF9F2B2AE18A51003B1932 /* Preview Content */,
			);
			path = DemoMacOSApp;
			sourceTree = "<group>";
		};
		9EFF9F2B2AE18A51003B1932 /* Preview Content */ = {
			isa = PBXGroup;
			children = (
				9EFF9F2C2AE18A51003B1932 /* Preview Assets.xcassets */,
			);
			path = "Preview Content";
			sourceTree = "<group>";
		};
		9EFF9F362AE18A53003B1932 /* DemoMacOSAppTests */ = {
			isa = PBXGroup;
			children = (
				9EFF9F372AE18A53003B1932 /* DemoMacOSAppTests.swift */,
			);
			path = DemoMacOSAppTests;
			sourceTree = "<group>";
		};
		9EFF9F402AE18A55003B1932 /* DemoMacOSAppUITests */ = {
			isa = PBXGroup;
			children = (
				9EFF9F412AE18A55003B1932 /* DemoMacOSAppUITests.swift */,
				9EFF9F432AE18A55003B1932 /* DemoMacOSAppUITestsLaunchTests.swift */,
			);
			path = DemoMacOSAppUITests;
			sourceTree = "<group>";
		};
		9EFF9F4E2AE18B0C003B1932 /* Frameworks */ = {
			isa = PBXGroup;
			children = (
				9EFF9F4F2AE18B0E003B1932 /* Photos.framework */,
			);
			name = Frameworks;
			sourceTree = "<group>";
		};
/* End PBXGroup section */

/* Begin PBXNativeTarget section */
		9ED1B50C2AD45A8C00B0CEFD /* MyFirstSwiftUIApp */ = {
			isa = PBXNativeTarget;
			buildConfigurationList = 9ED1B5312AD45A8F00B0CEFD /* Build configuration list for PBXNativeTarget "MyFirstSwiftUIApp" */;
			buildPhases = (
				9ED1B5092AD45A8C00B0CEFD /* Sources */,
				9ED1B50A2AD45A8C00B0CEFD /* Frameworks */,
				9ED1B50B2AD45A8C00B0CEFD /* Resources */,
			);
			buildRules = (
			);
			dependencies = (
			);
			name = MyFirstSwiftUIApp;
			productName = MyFirstSwiftUIApp;
			productReference = 9ED1B50D2AD45A8C00B0CEFD /* MyFirstSwiftUIApp.app */;
			productType = "com.apple.product-type.application";
		};
		9ED1B51C2AD45A8F00B0CEFD /* MyFirstSwiftUIAppTests */ = {
			isa = PBXNativeTarget;
			buildConfigurationList = 9ED1B5342AD45A8F00B0CEFD /* Build configuration list for PBXNativeTarget "MyFirstSwiftUIAppTests" */;
			buildPhases = (
				9ED1B5192AD45A8F00B0CEFD /* Sources */,
				9ED1B51A2AD45A8F00B0CEFD /* Frameworks */,
				9ED1B51B2AD45A8F00B0CEFD /* Resources */,
			);
			buildRules = (
			);
			dependencies = (
				9ED1B51F2AD45A8F00B0CEFD /* PBXTargetDependency */,
			);
			name = MyFirstSwiftUIAppTests;
			productName = MyFirstSwiftUIAppTests;
			productReference = 9ED1B51D2AD45A8F00B0CEFD /* MyFirstSwiftUIAppTests.xctest */;
			productType = "com.apple.product-type.bundle.unit-test";
		};
		9ED1B5262AD45A8F00B0CEFD /* MyFirstSwiftUIAppUITests */ = {
			isa = PBXNativeTarget;
			buildConfigurationList = 9ED1B5372AD45A8F00B0CEFD /* Build configuration list for PBXNativeTarget "MyFirstSwiftUIAppUITests" */;
			buildPhases = (
				9ED1B5232AD45A8F00B0CEFD /* Sources */,
				9ED1B5242AD45A8F00B0CEFD /* Frameworks */,
				9ED1B5252AD45A8F00B0CEFD /* Resources */,
			);
			buildRules = (
			);
			dependencies = (
				9ED1B5292AD45A8F00B0CEFD /* PBXTargetDependency */,
			);
			name = MyFirstSwiftUIAppUITests;
			productName = MyFirstSwiftUIAppUITests;
			productReference = 9ED1B5272AD45A8F00B0CEFD /* MyFirstSwiftUIAppUITests.xctest */;
			productType = "com.apple.product-type.bundle.ui-testing";
		};
		9EFF9F222AE18A4E003B1932 /* DemoMacOSApp */ = {
			isa = PBXNativeTarget;
			buildConfigurationList = 9EFF9F452AE18A55003B1932 /* Build configuration list for PBXNativeTarget "DemoMacOSApp" */;
			buildPhases = (
				9EFF9F1F2AE18A4E003B1932 /* Sources */,
				9EFF9F202AE18A4E003B1932 /* Frameworks */,
				9EFF9F212AE18A4E003B1932 /* Resources */,
			);
			buildRules = (
			);
			dependencies = (
			);
			name = DemoMacOSApp;
			productName = DemoMacOSApp;
			productReference = 9EFF9F232AE18A4E003B1932 /* DemoMacOSApp.app */;
			productType = "com.apple.product-type.application";
		};
		9EFF9F322AE18A51003B1932 /* DemoMacOSAppTests */ = {
			isa = PBXNativeTarget;
			buildConfigurationList = 9EFF9F482AE18A55003B1932 /* Build configuration list for PBXNativeTarget "DemoMacOSAppTests" */;
			buildPhases = (
				9EFF9F2F2AE18A51003B1932 /* Sources */,
				9EFF9F302AE18A51003B1932 /* Frameworks */,
				9EFF9F312AE18A51003B1932 /* Resources */,
			);
			buildRules = (
			);
			dependencies = (
				9EFF9F352AE18A52003B1932 /* PBXTargetDependency */,
			);
			name = DemoMacOSAppTests;
			productName = DemoMacOSAppTests;
			productReference = 9EFF9F332AE18A52003B1932 /* DemoMacOSAppTests.xctest */;
			productType = "com.apple.product-type.bundle.unit-test";
		};
		9EFF9F3C2AE18A53003B1932 /* DemoMacOSAppUITests */ = {
			isa = PBXNativeTarget;
			buildConfigurationList = 9EFF9F4B2AE18A55003B1932 /* Build configuration list for PBXNativeTarget "DemoMacOSAppUITests" */;
			buildPhases = (
				9EFF9F392AE18A53003B1932 /* Sources */,
				9EFF9F3A2AE18A53003B1932 /* Frameworks */,
				9EFF9F3B2AE18A53003B1932 /* Resources */,
			);
			buildRules = (
			);
			dependencies = (
				9EFF9F3F2AE18A54003B1932 /* PBXTargetDependency */,
			);
			name = DemoMacOSAppUITests;
			productName = DemoMacOSAppUITests;
			productReference = 9EFF9F3D2AE18A53003B1932 /* DemoMacOSAppUITests.xctest */;
			productType = "com.apple.product-type.bundle.ui-testing";
		};
/* End PBXNativeTarget section */

/* Begin PBXProject section */
		9ED1B5052AD45A8C00B0CEFD /* Project object */ = {
			isa = PBXProject;
			attributes = {
				BuildIndependentTargetsInParallel = 1;
				LastSwiftUpdateCheck = 1500;
				LastUpgradeCheck = 1500;
				TargetAttributes = {
					9ED1B50C2AD45A8C00B0CEFD = {
						CreatedOnToolsVersion = 15.0;
					};
					9ED1B51C2AD45A8F00B0CEFD = {
						CreatedOnToolsVersion = 15.0;
						TestTargetID = 9ED1B50C2AD45A8C00B0CEFD;
					};
					9ED1B5262AD45A8F00B0CEFD = {
						CreatedOnToolsVersion = 15.0;
						TestTargetID = 9ED1B50C2AD45A8C00B0CEFD;
					};
					9EFF9F222AE18A4E003B1932 = {
						CreatedOnToolsVersion = 15.0;
					};
					9EFF9F322AE18A51003B1932 = {
						CreatedOnToolsVersion = 15.0;
						TestTargetID = 9EFF9F222AE18A4E003B1932;
					};
					9EFF9F3C2AE18A53003B1932 = {
						CreatedOnToolsVersion = 15.0;
						TestTargetID = 9EFF9F222AE18A4E003B1932;
					};
				};
			};
			buildConfigurationList = 9ED1B5082AD45A8C00B0CEFD /* Build configuration list for PBXProject "MyFirstSwiftUIApp" */;
			compatibilityVersion = "Xcode 14.0";
			developmentRegion = en;
			hasScannedForEncodings = 0;
			knownRegions = (
				en,
				Base,
			);
			mainGroup = 9ED1B5042AD45A8C00B0CEFD;
			productRefGroup = 9ED1B50E2AD45A8C00B0CEFD /* Products */;
			projectDirPath = "";
			projectRoot = "";
			targets = (
				9ED1B50C2AD45A8C00B0CEFD /* MyFirstSwiftUIApp */,
				9ED1B51C2AD45A8F00B0CEFD /* MyFirstSwiftUIAppTests */,
				9ED1B5262AD45A8F00B0CEFD /* MyFirstSwiftUIAppUITests */,
				9EFF9F222AE18A4E003B1932 /* DemoMacOSApp */,
				9EFF9F322AE18A51003B1932 /* DemoMacOSAppTests */,
				9EFF9F3C2AE18A53003B1932 /* DemoMacOSAppUITests */,
			);
		};
/* End PBXProject section */

/* Begin PBXResourcesBuildPhase section */
		9ED1B50B2AD45A8C00B0CEFD /* Resources */ = {
			isa = PBXResourcesBuildPhase;
			buildActionMask = 2147483647;
			files = (
				9ED1B5182AD45A8F00B0CEFD /* Preview Assets.xcassets in Resources */,
				9ED1B5152AD45A8F00B0CEFD /* Assets.xcassets in Resources */,
			);
			runOnlyForDeploymentPostprocessing = 0;
		};
		9ED1B51B2AD45A8F00B0CEFD /* Resources */ = {
			isa = PBXResourcesBuildPhase;
			buildActionMask = 2147483647;
			files = (
			);
			runOnlyForDeploymentPostprocessing = 0;
		};
		9ED1B5252AD45A8F00B0CEFD /* Resources */ = {
			isa = PBXResourcesBuildPhase;
			buildActionMask = 2147483647;
			files = (
			);
			runOnlyForDeploymentPostprocessing = 0;
		};
		9EFF9F212AE18A4E003B1932 /* Resources */ = {
			isa = PBXResourcesBuildPhase;
			buildActionMask = 2147483647;
			files = (
				9EFF9F2D2AE18A51003B1932 /* Preview Assets.xcassets in Resources */,
				9EFF9F2A2AE18A51003B1932 /* Assets.xcassets in Resources */,
			);
			runOnlyForDeploymentPostprocessing = 0;
		};
		9EFF9F312AE18A51003B1932 /* Resources */ = {
			isa = PBXResourcesBuildPhase;
			buildActionMask = 2147483647;
			files = (
			);
			runOnlyForDeploymentPostprocessing = 0;
		};
		9EFF9F3B2AE18A53003B1932 /* Resources */ = {
			isa = PBXResourcesBuildPhase;
			buildActionMask = 2147483647;
			files = (
			);
			runOnlyForDeploymentPostprocessing = 0;
		};
/* End PBXResourcesBuildPhase section */

/* Begin PBXSourcesBuildPhase section */
		9ED1B5092AD45A8C00B0CEFD /* Sources */ = {
			isa = PBXSourcesBuildPhase;
			buildActionMask = 2147483647;
			files = (
				9E744D422AEAC7130001DF8D /* InputView.swift in Sources */,
				9ED1B5132AD45A8C00B0CEFD /* MainScreenView.swift in Sources */,
				9ED1B5112AD45A8C00B0CEFD /* MyFirstSwiftUIAppApp.swift in Sources */,
				9ED1145C2AFD3FBB002C9567 /* CanvasDemoView.swift in Sources */,
				9E98FF922AFA9B5700458B3B /* ContainersView.swift in Sources */,
				9E08376E2B03EC1D0022E359 /* MainScreenViewModel.swift in Sources */,
				9E744D6C2AF166A80001DF8D /* FirstScreenView.swift in Sources */,
				9E98FF902AF4050100458B3B /* LoginScreenView.swift in Sources */,
				9E0837742B0685FF0022E359 /* LoginView.swift in Sources */,
				9E08378F2B0D19660022E359 /* HomeScreenViewModel.swift in Sources */,
				9E0837722B067F840022E359 /* LoginScreenViewModel.swift in Sources */,
				9E08377A2B0690EB0022E359 /* HomeScreenView.swift in Sources */,
				9E0837782B0690D80022E359 /* ProfileScreenView.swift in Sources */,
				9E744D6E2AF303830001DF8D /* StackExampleUIView.swift in Sources */,
			);
			runOnlyForDeploymentPostprocessing = 0;
		};
		9ED1B5192AD45A8F00B0CEFD /* Sources */ = {
			isa = PBXSourcesBuildPhase;
			buildActionMask = 2147483647;
			files = (
				9ED1B5222AD45A8F00B0CEFD /* MyFirstSwiftUIAppTests.swift in Sources */,
			);
			runOnlyForDeploymentPostprocessing = 0;
		};
		9ED1B5232AD45A8F00B0CEFD /* Sources */ = {
			isa = PBXSourcesBuildPhase;
			buildActionMask = 2147483647;
			files = (
				9ED1B52C2AD45A8F00B0CEFD /* MyFirstSwiftUIAppUITests.swift in Sources */,
				9ED1B52E2AD45A8F00B0CEFD /* MyFirstSwiftUIAppUITestsLaunchTests.swift in Sources */,
			);
			runOnlyForDeploymentPostprocessing = 0;
		};
		9EFF9F1F2AE18A4E003B1932 /* Sources */ = {
			isa = PBXSourcesBuildPhase;
			buildActionMask = 2147483647;
			files = (
				9EFF9F282AE18A4E003B1932 /* ContentView.swift in Sources */,
				9EFF9F262AE18A4E003B1932 /* DemoMacOSAppApp.swift in Sources */,
			);
			runOnlyForDeploymentPostprocessing = 0;
		};
		9EFF9F2F2AE18A51003B1932 /* Sources */ = {
			isa = PBXSourcesBuildPhase;
			buildActionMask = 2147483647;
			files = (
				9EFF9F382AE18A53003B1932 /* DemoMacOSAppTests.swift in Sources */,
			);
			runOnlyForDeploymentPostprocessing = 0;
		};
		9EFF9F392AE18A53003B1932 /* Sources */ = {
			isa = PBXSourcesBuildPhase;
			buildActionMask = 2147483647;
			files = (
				9EFF9F422AE18A55003B1932 /* DemoMacOSAppUITests.swift in Sources */,
				9EFF9F442AE18A55003B1932 /* DemoMacOSAppUITestsLaunchTests.swift in Sources */,
			);
			runOnlyForDeploymentPostprocessing = 0;
		};
/* End PBXSourcesBuildPhase section */

/* Begin PBXTargetDependency section */
		9ED1B51F2AD45A8F00B0CEFD /* PBXTargetDependency */ = {
			isa = PBXTargetDependency;
			target = 9ED1B50C2AD45A8C00B0CEFD /* MyFirstSwiftUIApp */;
			targetProxy = 9ED1B51E2AD45A8F00B0CEFD /* PBXContainerItemProxy */;
		};
		9ED1B5292AD45A8F00B0CEFD /* PBXTargetDependency */ = {
			isa = PBXTargetDependency;
			target = 9ED1B50C2AD45A8C00B0CEFD /* MyFirstSwiftUIApp */;
			targetProxy = 9ED1B5282AD45A8F00B0CEFD /* PBXContainerItemProxy */;
		};
		9EFF9F352AE18A52003B1932 /* PBXTargetDependency */ = {
			isa = PBXTargetDependency;
			target = 9EFF9F222AE18A4E003B1932 /* DemoMacOSApp */;
			targetProxy = 9EFF9F342AE18A52003B1932 /* PBXContainerItemProxy */;
		};
		9EFF9F3F2AE18A54003B1932 /* PBXTargetDependency */ = {
			isa = PBXTargetDependency;
			target = 9EFF9F222AE18A4E003B1932 /* DemoMacOSApp */;
			targetProxy = 9EFF9F3E2AE18A54003B1932 /* PBXContainerItemProxy */;
		};
/* End PBXTargetDependency section */

/* Begin XCBuildConfiguration section */
		9ED1B52F2AD45A8F00B0CEFD /* Debug */ = {
			isa = XCBuildConfiguration;
			buildSettings = {
				ALWAYS_SEARCH_USER_PATHS = NO;
				ASSETCATALOG_COMPILER_GENERATE_SWIFT_ASSET_SYMBOL_EXTENSIONS = YES;
				CLANG_ANALYZER_NONNULL = YES;
				CLANG_ANALYZER_NUMBER_OBJECT_CONVERSION = YES_AGGRESSIVE;
				CLANG_CXX_LANGUAGE_STANDARD = "gnu++20";
				CLANG_ENABLE_MODULES = YES;
				CLANG_ENABLE_OBJC_ARC = YES;
				CLANG_ENABLE_OBJC_WEAK = YES;
				CLANG_WARN_BLOCK_CAPTURE_AUTORELEASING = YES;
				CLANG_WARN_BOOL_CONVERSION = YES;
				CLANG_WARN_COMMA = YES;
				CLANG_WARN_CONSTANT_CONVERSION = YES;
				CLANG_WARN_DEPRECATED_OBJC_IMPLEMENTATIONS = YES;
				CLANG_WARN_DIRECT_OBJC_ISA_USAGE = YES_ERROR;
				CLANG_WARN_DOCUMENTATION_COMMENTS = YES;
				CLANG_WARN_EMPTY_BODY = YES;
				CLANG_WARN_ENUM_CONVERSION = YES;
				CLANG_WARN_INFINITE_RECURSION = YES;
				CLANG_WARN_INT_CONVERSION = YES;
				CLANG_WARN_NON_LITERAL_NULL_CONVERSION = YES;
				CLANG_WARN_OBJC_IMPLICIT_RETAIN_SELF = YES;
				CLANG_WARN_OBJC_LITERAL_CONVERSION = YES;
				CLANG_WARN_OBJC_ROOT_CLASS = YES_ERROR;
				CLANG_WARN_QUOTED_INCLUDE_IN_FRAMEWORK_HEADER = YES;
				CLANG_WARN_RANGE_LOOP_ANALYSIS = YES;
				CLANG_WARN_STRICT_PROTOTYPES = YES;
				CLANG_WARN_SUSPICIOUS_MOVE = YES;
				CLANG_WARN_UNGUARDED_AVAILABILITY = YES_AGGRESSIVE;
				CLANG_WARN_UNREACHABLE_CODE = YES;
				CLANG_WARN__DUPLICATE_METHOD_MATCH = YES;
				COPY_PHASE_STRIP = NO;
				DEBUG_INFORMATION_FORMAT = dwarf;
				ENABLE_STRICT_OBJC_MSGSEND = YES;
				ENABLE_TESTABILITY = YES;
				ENABLE_USER_SCRIPT_SANDBOXING = YES;
				GCC_C_LANGUAGE_STANDARD = gnu17;
				GCC_DYNAMIC_NO_PIC = NO;
				GCC_NO_COMMON_BLOCKS = YES;
				GCC_OPTIMIZATION_LEVEL = 0;
				GCC_PREPROCESSOR_DEFINITIONS = (
					"DEBUG=1",
					"$(inherited)",
				);
				GCC_WARN_64_TO_32_BIT_CONVERSION = YES;
				GCC_WARN_ABOUT_RETURN_TYPE = YES_ERROR;
				GCC_WARN_UNDECLARED_SELECTOR = YES;
				GCC_WARN_UNINITIALIZED_AUTOS = YES_AGGRESSIVE;
				GCC_WARN_UNUSED_FUNCTION = YES;
				GCC_WARN_UNUSED_VARIABLE = YES;
				IPHONEOS_DEPLOYMENT_TARGET = 17.0;
				LOCALIZATION_PREFERS_STRING_CATALOGS = YES;
				MTL_ENABLE_DEBUG_INFO = INCLUDE_SOURCE;
				MTL_FAST_MATH = YES;
				ONLY_ACTIVE_ARCH = YES;
				SDKROOT = iphoneos;
				SWIFT_ACTIVE_COMPILATION_CONDITIONS = "DEBUG $(inherited)";
				SWIFT_OPTIMIZATION_LEVEL = "-Onone";
			};
			name = Debug;
		};
		9ED1B5302AD45A8F00B0CEFD /* Release */ = {
			isa = XCBuildConfiguration;
			buildSettings = {
				ALWAYS_SEARCH_USER_PATHS = NO;
				ASSETCATALOG_COMPILER_GENERATE_SWIFT_ASSET_SYMBOL_EXTENSIONS = YES;
				CLANG_ANALYZER_NONNULL = YES;
				CLANG_ANALYZER_NUMBER_OBJECT_CONVERSION = YES_AGGRESSIVE;
				CLANG_CXX_LANGUAGE_STANDARD = "gnu++20";
				CLANG_ENABLE_MODULES = YES;
				CLANG_ENABLE_OBJC_ARC = YES;
				CLANG_ENABLE_OBJC_WEAK = YES;
				CLANG_WARN_BLOCK_CAPTURE_AUTORELEASING = YES;
				CLANG_WARN_BOOL_CONVERSION = YES;
				CLANG_WARN_COMMA = YES;
				CLANG_WARN_CONSTANT_CONVERSION = YES;
				CLANG_WARN_DEPRECATED_OBJC_IMPLEMENTATIONS = YES;
				CLANG_WARN_DIRECT_OBJC_ISA_USAGE = YES_ERROR;
				CLANG_WARN_DOCUMENTATION_COMMENTS = YES;
				CLANG_WARN_EMPTY_BODY = YES;
				CLANG_WARN_ENUM_CONVERSION = YES;
				CLANG_WARN_INFINITE_RECURSION = YES;
				CLANG_WARN_INT_CONVERSION = YES;
				CLANG_WARN_NON_LITERAL_NULL_CONVERSION = YES;
				CLANG_WARN_OBJC_IMPLICIT_RETAIN_SELF = YES;
				CLANG_WARN_OBJC_LITERAL_CONVERSION = YES;
				CLANG_WARN_OBJC_ROOT_CLASS = YES_ERROR;
				CLANG_WARN_QUOTED_INCLUDE_IN_FRAMEWORK_HEADER = YES;
				CLANG_WARN_RANGE_LOOP_ANALYSIS = YES;
				CLANG_WARN_STRICT_PROTOTYPES = YES;
				CLANG_WARN_SUSPICIOUS_MOVE = YES;
				CLANG_WARN_UNGUARDED_AVAILABILITY = YES_AGGRESSIVE;
				CLANG_WARN_UNREACHABLE_CODE = YES;
				CLANG_WARN__DUPLICATE_METHOD_MATCH = YES;
				COPY_PHASE_STRIP = NO;
				DEBUG_INFORMATION_FORMAT = "dwarf-with-dsym";
				ENABLE_NS_ASSERTIONS = NO;
				ENABLE_STRICT_OBJC_MSGSEND = YES;
				ENABLE_USER_SCRIPT_SANDBOXING = YES;
				GCC_C_LANGUAGE_STANDARD = gnu17;
				GCC_NO_COMMON_BLOCKS = YES;
				GCC_WARN_64_TO_32_BIT_CONVERSION = YES;
				GCC_WARN_ABOUT_RETURN_TYPE = YES_ERROR;
				GCC_WARN_UNDECLARED_SELECTOR = YES;
				GCC_WARN_UNINITIALIZED_AUTOS = YES_AGGRESSIVE;
				GCC_WARN_UNUSED_FUNCTION = YES;
				GCC_WARN_UNUSED_VARIABLE = YES;
				IPHONEOS_DEPLOYMENT_TARGET = 17.0;
				LOCALIZATION_PREFERS_STRING_CATALOGS = YES;
				MTL_ENABLE_DEBUG_INFO = NO;
				MTL_FAST_MATH = YES;
				SDKROOT = iphoneos;
				SWIFT_COMPILATION_MODE = wholemodule;
				VALIDATE_PRODUCT = YES;
			};
			name = Release;
		};
		9ED1B5322AD45A8F00B0CEFD /* Debug */ = {
			isa = XCBuildConfiguration;
			buildSettings = {
				ASSETCATALOG_COMPILER_APPICON_NAME = AppIcon;
				ASSETCATALOG_COMPILER_GLOBAL_ACCENT_COLOR_NAME = AccentColor;
				CODE_SIGN_STYLE = Automatic;
				CURRENT_PROJECT_VERSION = 1;
				DEVELOPMENT_ASSET_PATHS = "\"MyFirstSwiftUIApp/Preview Content\"";
				DEVELOPMENT_TEAM = 2L24TQ8W95;
				ENABLE_PREVIEWS = YES;
				GENERATE_INFOPLIST_FILE = YES;
				INFOPLIST_KEY_UIApplicationSceneManifest_Generation = YES;
				INFOPLIST_KEY_UIApplicationSupportsIndirectInputEvents = YES;
				INFOPLIST_KEY_UILaunchScreen_Generation = YES;
				INFOPLIST_KEY_UISupportedInterfaceOrientations = "UIInterfaceOrientationLandscapeLeft UIInterfaceOrientationLandscapeRight UIInterfaceOrientationPortrait";
				INFOPLIST_KEY_UISupportedInterfaceOrientations_iPad = "UIInterfaceOrientationLandscapeLeft UIInterfaceOrientationLandscapeRight UIInterfaceOrientationPortrait UIInterfaceOrientationPortraitUpsideDown";
				IPHONEOS_DEPLOYMENT_TARGET = 16.0;
				LD_RUNPATH_SEARCH_PATHS = (
					"$(inherited)",
					"@executable_path/Frameworks",
				);
				MARKETING_VERSION = 1.0;
				PRODUCT_BUNDLE_IDENTIFIER = "bg.uni-sofia.fmi.myfirstswiftuiapp.MyFirstSwiftUIApp";
				PRODUCT_NAME = "$(TARGET_NAME)";
				SWIFT_EMIT_LOC_STRINGS = YES;
				SWIFT_VERSION = 5.0;
				TARGETED_DEVICE_FAMILY = "1,2";
			};
			name = Debug;
		};
		9ED1B5332AD45A8F00B0CEFD /* Release */ = {
			isa = XCBuildConfiguration;
			buildSettings = {
				ASSETCATALOG_COMPILER_APPICON_NAME = AppIcon;
				ASSETCATALOG_COMPILER_GLOBAL_ACCENT_COLOR_NAME = AccentColor;
				CODE_SIGN_STYLE = Automatic;
				CURRENT_PROJECT_VERSION = 1;
				DEVELOPMENT_ASSET_PATHS = "\"MyFirstSwiftUIApp/Preview Content\"";
				DEVELOPMENT_TEAM = 2L24TQ8W95;
				ENABLE_PREVIEWS = YES;
				GENERATE_INFOPLIST_FILE = YES;
				INFOPLIST_KEY_UIApplicationSceneManifest_Generation = YES;
				INFOPLIST_KEY_UIApplicationSupportsIndirectInputEvents = YES;
				INFOPLIST_KEY_UILaunchScreen_Generation = YES;
				INFOPLIST_KEY_UISupportedInterfaceOrientations = "UIInterfaceOrientationLandscapeLeft UIInterfaceOrientationLandscapeRight UIInterfaceOrientationPortrait";
				INFOPLIST_KEY_UISupportedInterfaceOrientations_iPad = "UIInterfaceOrientationLandscapeLeft UIInterfaceOrientationLandscapeRight UIInterfaceOrientationPortrait UIInterfaceOrientationPortraitUpsideDown";
				IPHONEOS_DEPLOYMENT_TARGET = 16.0;
				LD_RUNPATH_SEARCH_PATHS = (
					"$(inherited)",
					"@executable_path/Frameworks",
				);
				MARKETING_VERSION = 1.0;
				PRODUCT_BUNDLE_IDENTIFIER = "bg.uni-sofia.fmi.myfirstswiftuiapp.MyFirstSwiftUIApp";
				PRODUCT_NAME = "$(TARGET_NAME)";
				SWIFT_EMIT_LOC_STRINGS = YES;
				SWIFT_VERSION = 5.0;
				TARGETED_DEVICE_FAMILY = "1,2";
			};
			name = Release;
		};
		9ED1B5352AD45A8F00B0CEFD /* Debug */ = {
			isa = XCBuildConfiguration;
			buildSettings = {
				ALWAYS_EMBED_SWIFT_STANDARD_LIBRARIES = YES;
				BUNDLE_LOADER = "$(TEST_HOST)";
				CODE_SIGN_STYLE = Automatic;
				CURRENT_PROJECT_VERSION = 1;
				DEVELOPMENT_TEAM = 2L24TQ8W95;
				GENERATE_INFOPLIST_FILE = YES;
				IPHONEOS_DEPLOYMENT_TARGET = 17.0;
				MARKETING_VERSION = 1.0;
				PRODUCT_BUNDLE_IDENTIFIER = "bg.uni-sofia.fmi.myfirstswiftuiapp.MyFirstSwiftUIAppTests";
				PRODUCT_NAME = "$(TARGET_NAME)";
				SWIFT_EMIT_LOC_STRINGS = NO;
				SWIFT_VERSION = 5.0;
				TARGETED_DEVICE_FAMILY = "1,2";
				TEST_HOST = "$(BUILT_PRODUCTS_DIR)/MyFirstSwiftUIApp.app/$(BUNDLE_EXECUTABLE_FOLDER_PATH)/MyFirstSwiftUIApp";
			};
			name = Debug;
		};
		9ED1B5362AD45A8F00B0CEFD /* Release */ = {
			isa = XCBuildConfiguration;
			buildSettings = {
				ALWAYS_EMBED_SWIFT_STANDARD_LIBRARIES = YES;
				BUNDLE_LOADER = "$(TEST_HOST)";
				CODE_SIGN_STYLE = Automatic;
				CURRENT_PROJECT_VERSION = 1;
				DEVELOPMENT_TEAM = 2L24TQ8W95;
				GENERATE_INFOPLIST_FILE = YES;
				IPHONEOS_DEPLOYMENT_TARGET = 17.0;
				MARKETING_VERSION = 1.0;
				PRODUCT_BUNDLE_IDENTIFIER = "bg.uni-sofia.fmi.myfirstswiftuiapp.MyFirstSwiftUIAppTests";
				PRODUCT_NAME = "$(TARGET_NAME)";
				SWIFT_EMIT_LOC_STRINGS = NO;
				SWIFT_VERSION = 5.0;
				TARGETED_DEVICE_FAMILY = "1,2";
				TEST_HOST = "$(BUILT_PRODUCTS_DIR)/MyFirstSwiftUIApp.app/$(BUNDLE_EXECUTABLE_FOLDER_PATH)/MyFirstSwiftUIApp";
			};
			name = Release;
		};
		9ED1B5382AD45A8F00B0CEFD /* Debug */ = {
			isa = XCBuildConfiguration;
			buildSettings = {
				ALWAYS_EMBED_SWIFT_STANDARD_LIBRARIES = YES;
				CODE_SIGN_STYLE = Automatic;
				CURRENT_PROJECT_VERSION = 1;
				DEVELOPMENT_TEAM = 2L24TQ8W95;
				GENERATE_INFOPLIST_FILE = YES;
				MARKETING_VERSION = 1.0;
				PRODUCT_BUNDLE_IDENTIFIER = "bg.uni-sofia.fmi.myfirstswiftuiapp.MyFirstSwiftUIAppUITests";
				PRODUCT_NAME = "$(TARGET_NAME)";
				SWIFT_EMIT_LOC_STRINGS = NO;
				SWIFT_VERSION = 5.0;
				TARGETED_DEVICE_FAMILY = "1,2";
				TEST_TARGET_NAME = MyFirstSwiftUIApp;
			};
			name = Debug;
		};
		9ED1B5392AD45A8F00B0CEFD /* Release */ = {
			isa = XCBuildConfiguration;
			buildSettings = {
				ALWAYS_EMBED_SWIFT_STANDARD_LIBRARIES = YES;
				CODE_SIGN_STYLE = Automatic;
				CURRENT_PROJECT_VERSION = 1;
				DEVELOPMENT_TEAM = 2L24TQ8W95;
				GENERATE_INFOPLIST_FILE = YES;
				MARKETING_VERSION = 1.0;
				PRODUCT_BUNDLE_IDENTIFIER = "bg.uni-sofia.fmi.myfirstswiftuiapp.MyFirstSwiftUIAppUITests";
				PRODUCT_NAME = "$(TARGET_NAME)";
				SWIFT_EMIT_LOC_STRINGS = NO;
				SWIFT_VERSION = 5.0;
				TARGETED_DEVICE_FAMILY = "1,2";
				TEST_TARGET_NAME = MyFirstSwiftUIApp;
			};
			name = Release;
		};
		9EFF9F462AE18A55003B1932 /* Debug */ = {
			isa = XCBuildConfiguration;
			buildSettings = {
				ASSETCATALOG_COMPILER_APPICON_NAME = AppIcon;
				ASSETCATALOG_COMPILER_GLOBAL_ACCENT_COLOR_NAME = AccentColor;
				CODE_SIGN_ENTITLEMENTS = DemoMacOSApp/DemoMacOSApp.entitlements;
				CODE_SIGN_STYLE = Automatic;
				COMBINE_HIDPI_IMAGES = YES;
				CURRENT_PROJECT_VERSION = 1;
				DEVELOPMENT_ASSET_PATHS = "\"DemoMacOSApp/Preview Content\"";
				DEVELOPMENT_TEAM = 2L24TQ8W95;
				ENABLE_HARDENED_RUNTIME = YES;
				ENABLE_PREVIEWS = YES;
				GENERATE_INFOPLIST_FILE = YES;
				INFOPLIST_KEY_NSHumanReadableCopyright = "";
				LD_RUNPATH_SEARCH_PATHS = (
					"$(inherited)",
					"@executable_path/../Frameworks",
				);
				MACOSX_DEPLOYMENT_TARGET = 13.5;
				MARKETING_VERSION = 1.0;
				PRODUCT_BUNDLE_IDENTIFIER = "bg.uni-sofia.fmi.myfirstswiftuiapp.DemoMacOSApp";
				PRODUCT_NAME = "$(TARGET_NAME)";
				SDKROOT = macosx;
				SWIFT_EMIT_LOC_STRINGS = YES;
				SWIFT_VERSION = 5.0;
			};
			name = Debug;
		};
		9EFF9F472AE18A55003B1932 /* Release */ = {
			isa = XCBuildConfiguration;
			buildSettings = {
				ASSETCATALOG_COMPILER_APPICON_NAME = AppIcon;
				ASSETCATALOG_COMPILER_GLOBAL_ACCENT_COLOR_NAME = AccentColor;
				CODE_SIGN_ENTITLEMENTS = DemoMacOSApp/DemoMacOSApp.entitlements;
				CODE_SIGN_STYLE = Automatic;
				COMBINE_HIDPI_IMAGES = YES;
				CURRENT_PROJECT_VERSION = 1;
				DEVELOPMENT_ASSET_PATHS = "\"DemoMacOSApp/Preview Content\"";
				DEVELOPMENT_TEAM = 2L24TQ8W95;
				ENABLE_HARDENED_RUNTIME = YES;
				ENABLE_PREVIEWS = YES;
				GENERATE_INFOPLIST_FILE = YES;
				INFOPLIST_KEY_NSHumanReadableCopyright = "";
				LD_RUNPATH_SEARCH_PATHS = (
					"$(inherited)",
					"@executable_path/../Frameworks",
				);
				MACOSX_DEPLOYMENT_TARGET = 13.5;
				MARKETING_VERSION = 1.0;
				PRODUCT_BUNDLE_IDENTIFIER = "bg.uni-sofia.fmi.myfirstswiftuiapp.DemoMacOSApp";
				PRODUCT_NAME = "$(TARGET_NAME)";
				SDKROOT = macosx;
				SWIFT_EMIT_LOC_STRINGS = YES;
				SWIFT_VERSION = 5.0;
			};
			name = Release;
		};
		9EFF9F492AE18A55003B1932 /* Debug */ = {
			isa = XCBuildConfiguration;
			buildSettings = {
				ALWAYS_EMBED_SWIFT_STANDARD_LIBRARIES = YES;
				BUNDLE_LOADER = "$(TEST_HOST)";
				CODE_SIGN_STYLE = Automatic;
				CURRENT_PROJECT_VERSION = 1;
				DEVELOPMENT_TEAM = 2L24TQ8W95;
				GENERATE_INFOPLIST_FILE = YES;
				MACOSX_DEPLOYMENT_TARGET = 13.5;
				MARKETING_VERSION = 1.0;
				PRODUCT_BUNDLE_IDENTIFIER = "bg.uni-sofia.fmi.myfirstswiftuiapp.DemoMacOSAppTests";
				PRODUCT_NAME = "$(TARGET_NAME)";
				SDKROOT = macosx;
				SWIFT_EMIT_LOC_STRINGS = NO;
				SWIFT_VERSION = 5.0;
				TEST_HOST = "$(BUILT_PRODUCTS_DIR)/DemoMacOSApp.app/$(BUNDLE_EXECUTABLE_FOLDER_PATH)/DemoMacOSApp";
			};
			name = Debug;
		};
		9EFF9F4A2AE18A55003B1932 /* Release */ = {
			isa = XCBuildConfiguration;
			buildSettings = {
				ALWAYS_EMBED_SWIFT_STANDARD_LIBRARIES = YES;
				BUNDLE_LOADER = "$(TEST_HOST)";
				CODE_SIGN_STYLE = Automatic;
				CURRENT_PROJECT_VERSION = 1;
				DEVELOPMENT_TEAM = 2L24TQ8W95;
				GENERATE_INFOPLIST_FILE = YES;
				MACOSX_DEPLOYMENT_TARGET = 13.5;
				MARKETING_VERSION = 1.0;
				PRODUCT_BUNDLE_IDENTIFIER = "bg.uni-sofia.fmi.myfirstswiftuiapp.DemoMacOSAppTests";
				PRODUCT_NAME = "$(TARGET_NAME)";
				SDKROOT = macosx;
				SWIFT_EMIT_LOC_STRINGS = NO;
				SWIFT_VERSION = 5.0;
				TEST_HOST = "$(BUILT_PRODUCTS_DIR)/DemoMacOSApp.app/$(BUNDLE_EXECUTABLE_FOLDER_PATH)/DemoMacOSApp";
			};
			name = Release;
		};
		9EFF9F4C2AE18A55003B1932 /* Debug */ = {
			isa = XCBuildConfiguration;
			buildSettings = {
				ALWAYS_EMBED_SWIFT_STANDARD_LIBRARIES = YES;
				CODE_SIGN_STYLE = Automatic;
				CURRENT_PROJECT_VERSION = 1;
				DEVELOPMENT_TEAM = 2L24TQ8W95;
				GENERATE_INFOPLIST_FILE = YES;
				MACOSX_DEPLOYMENT_TARGET = 13.5;
				MARKETING_VERSION = 1.0;
				PRODUCT_BUNDLE_IDENTIFIER = "bg.uni-sofia.fmi.myfirstswiftuiapp.DemoMacOSAppUITests";
				PRODUCT_NAME = "$(TARGET_NAME)";
				SDKROOT = macosx;
				SWIFT_EMIT_LOC_STRINGS = NO;
				SWIFT_VERSION = 5.0;
				TEST_TARGET_NAME = DemoMacOSApp;
			};
			name = Debug;
		};
		9EFF9F4D2AE18A55003B1932 /* Release */ = {
			isa = XCBuildConfiguration;
			buildSettings = {
				ALWAYS_EMBED_SWIFT_STANDARD_LIBRARIES = YES;
				CODE_SIGN_STYLE = Automatic;
				CURRENT_PROJECT_VERSION = 1;
				DEVELOPMENT_TEAM = 2L24TQ8W95;
				GENERATE_INFOPLIST_FILE = YES;
				MACOSX_DEPLOYMENT_TARGET = 13.5;
				MARKETING_VERSION = 1.0;
				PRODUCT_BUNDLE_IDENTIFIER = "bg.uni-sofia.fmi.myfirstswiftuiapp.DemoMacOSAppUITests";
				PRODUCT_NAME = "$(TARGET_NAME)";
				SDKROOT = macosx;
				SWIFT_EMIT_LOC_STRINGS = NO;
				SWIFT_VERSION = 5.0;
				TEST_TARGET_NAME = DemoMacOSApp;
			};
			name = Release;
		};
/* End XCBuildConfiguration section */

/* Begin XCConfigurationList section */
		9ED1B5082AD45A8C00B0CEFD /* Build configuration list for PBXProject "MyFirstSwiftUIApp" */ = {
			isa = XCConfigurationList;
			buildConfigurations = (
				9ED1B52F2AD45A8F00B0CEFD /* Debug */,
				9ED1B5302AD45A8F00B0CEFD /* Release */,
			);
			defaultConfigurationIsVisible = 0;
			defaultConfigurationName = Release;
		};
		9ED1B5312AD45A8F00B0CEFD /* Build configuration list for PBXNativeTarget "MyFirstSwiftUIApp" */ = {
			isa = XCConfigurationList;
			buildConfigurations = (
				9ED1B5322AD45A8F00B0CEFD /* Debug */,
				9ED1B5332AD45A8F00B0CEFD /* Release */,
			);
			defaultConfigurationIsVisible = 0;
			defaultConfigurationName = Release;
		};
		9ED1B5342AD45A8F00B0CEFD /* Build configuration list for PBXNativeTarget "MyFirstSwiftUIAppTests" */ = {
			isa = XCConfigurationList;
			buildConfigurations = (
				9ED1B5352AD45A8F00B0CEFD /* Debug */,
				9ED1B5362AD45A8F00B0CEFD /* Release */,
			);
			defaultConfigurationIsVisible = 0;
			defaultConfigurationName = Release;
		};
		9ED1B5372AD45A8F00B0CEFD /* Build configuration list for PBXNativeTarget "MyFirstSwiftUIAppUITests" */ = {
			isa = XCConfigurationList;
			buildConfigurations = (
				9ED1B5382AD45A8F00B0CEFD /* Debug */,
				9ED1B5392AD45A8F00B0CEFD /* Release */,
			);
			defaultConfigurationIsVisible = 0;
			defaultConfigurationName = Release;
		};
		9EFF9F452AE18A55003B1932 /* Build configuration list for PBXNativeTarget "DemoMacOSApp" */ = {
			isa = XCConfigurationList;
			buildConfigurations = (
				9EFF9F462AE18A55003B1932 /* Debug */,
				9EFF9F472AE18A55003B1932 /* Release */,
			);
			defaultConfigurationIsVisible = 0;
			defaultConfigurationName = Release;
		};
		9EFF9F482AE18A55003B1932 /* Build configuration list for PBXNativeTarget "DemoMacOSAppTests" */ = {
			isa = XCConfigurationList;
			buildConfigurations = (
				9EFF9F492AE18A55003B1932 /* Debug */,
				9EFF9F4A2AE18A55003B1932 /* Release */,
			);
			defaultConfigurationIsVisible = 0;
			defaultConfigurationName = Release;
		};
		9EFF9F4B2AE18A55003B1932 /* Build configuration list for PBXNativeTarget "DemoMacOSAppUITests" */ = {
			isa = XCConfigurationList;
			buildConfigurations = (
				9EFF9F4C2AE18A55003B1932 /* Debug */,
				9EFF9F4D2AE18A55003B1932 /* Release */,
			);
			defaultConfigurationIsVisible = 0;
			defaultConfigurationName = Release;
		};
/* End XCConfigurationList section */
	};
	rootObject = 9ED1B5052AD45A8C00B0CEFD /* Project object */;
}
